// !$*UTF8*$!
{
	archiveVersion = 1;
	classes = {
	};
	objectVersion = 56;
	objects = {

/* Begin PBXBuildFile section */
		A60D69F12BD2F0C00073C826 /* AppDelegate.swift in Sources */ = {isa = PBXBuildFile; fileRef = A60D69F02BD2F0C00073C826 /* AppDelegate.swift */; };
		A60D69F32BD2F0C00073C826 /* SceneDelegate.swift in Sources */ = {isa = PBXBuildFile; fileRef = A60D69F22BD2F0C00073C826 /* SceneDelegate.swift */; };
		A60D69F52BD2F0C00073C826 /* ViewController.swift in Sources */ = {isa = PBXBuildFile; fileRef = A60D69F42BD2F0C00073C826 /* ViewController.swift */; };
		A60D69F82BD2F0C00073C826 /* Login.storyboard in Resources */ = {isa = PBXBuildFile; fileRef = A60D69F62BD2F0C00073C826 /* Login.storyboard */; };
		A60D69FA2BD2F0C00073C826 /* Assets.xcassets in Resources */ = {isa = PBXBuildFile; fileRef = A60D69F92BD2F0C00073C826 /* Assets.xcassets */; };
		A60D69FD2BD2F0C00073C826 /* LaunchScreen.storyboard in Resources */ = {isa = PBXBuildFile; fileRef = A60D69FB2BD2F0C00073C826 /* LaunchScreen.storyboard */; };
		A60D6A082BD2F0C10073C826 /* RickAndMortyAppTests.swift in Sources */ = {isa = PBXBuildFile; fileRef = A60D6A072BD2F0C10073C826 /* RickAndMortyAppTests.swift */; };
		A60D6A122BD2F0C10073C826 /* RickAndMortyAppUITests.swift in Sources */ = {isa = PBXBuildFile; fileRef = A60D6A112BD2F0C10073C826 /* RickAndMortyAppUITests.swift */; };
		A60D6A142BD2F0C10073C826 /* RickAndMortyAppUITestsLaunchTests.swift in Sources */ = {isa = PBXBuildFile; fileRef = A60D6A132BD2F0C10073C826 /* RickAndMortyAppUITestsLaunchTests.swift */; };
		A60D6A232BD2F1300073C826 /* Lottie in Frameworks */ = {isa = PBXBuildFile; productRef = A60D6A222BD2F1300073C826 /* Lottie */; };
		A66E70992BD2F49B0073E88B /* RickAndMortyUI in Frameworks */ = {isa = PBXBuildFile; productRef = A66E70982BD2F49B0073E88B /* RickAndMortyUI */; };
		A66E709B2BD2F49B0073E88B /* SnapKit in Frameworks */ = {isa = PBXBuildFile; productRef = A66E709A2BD2F49B0073E88B /* SnapKit */; };
		EB8FB4AA2BD3058300F3037F /* Router.swift in Sources */ = {isa = PBXBuildFile; fileRef = EB8FB4A92BD3058300F3037F /* Router.swift */; };
		EB8FB4AD2BD306C800F3037F /* PanModal in Frameworks */ = {isa = PBXBuildFile; productRef = EB8FB4AC2BD306C800F3037F /* PanModal */; };
		EB8FB4AF2BD30C0B00F3037F /* BaseViewController.swift in Sources */ = {isa = PBXBuildFile; fileRef = EB8FB4AE2BD30C0B00F3037F /* BaseViewController.swift */; };
/* End PBXBuildFile section */

/* Begin PBXContainerItemProxy section */
		A60D6A042BD2F0C10073C826 /* PBXContainerItemProxy */ = {
			isa = PBXContainerItemProxy;
			containerPortal = A60D69E52BD2F0C00073C826 /* Project object */;
			proxyType = 1;
			remoteGlobalIDString = A60D69EC2BD2F0C00073C826;
			remoteInfo = RickAndMortyApp;
		};
		A60D6A0E2BD2F0C10073C826 /* PBXContainerItemProxy */ = {
			isa = PBXContainerItemProxy;
			containerPortal = A60D69E52BD2F0C00073C826 /* Project object */;
			proxyType = 1;
			remoteGlobalIDString = A60D69EC2BD2F0C00073C826;
			remoteInfo = RickAndMortyApp;
		};
/* End PBXContainerItemProxy section */

/* Begin PBXFileReference section */
		A60D69ED2BD2F0C00073C826 /* RickAndMortyApp.app */ = {isa = PBXFileReference; explicitFileType = wrapper.application; includeInIndex = 0; path = RickAndMortyApp.app; sourceTree = BUILT_PRODUCTS_DIR; };
		A60D69F02BD2F0C00073C826 /* AppDelegate.swift */ = {isa = PBXFileReference; lastKnownFileType = sourcecode.swift; path = AppDelegate.swift; sourceTree = "<group>"; };
		A60D69F22BD2F0C00073C826 /* SceneDelegate.swift */ = {isa = PBXFileReference; lastKnownFileType = sourcecode.swift; path = SceneDelegate.swift; sourceTree = "<group>"; };
		A60D69F42BD2F0C00073C826 /* ViewController.swift */ = {isa = PBXFileReference; lastKnownFileType = sourcecode.swift; path = ViewController.swift; sourceTree = "<group>"; };
		A60D69F72BD2F0C00073C826 /* Base */ = {isa = PBXFileReference; lastKnownFileType = file.storyboard; name = Base; path = Base.lproj/Login.storyboard; sourceTree = "<group>"; };
		A60D69F92BD2F0C00073C826 /* Assets.xcassets */ = {isa = PBXFileReference; lastKnownFileType = folder.assetcatalog; path = Assets.xcassets; sourceTree = "<group>"; };
		A60D69FC2BD2F0C00073C826 /* Base */ = {isa = PBXFileReference; lastKnownFileType = file.storyboard; name = Base; path = Base.lproj/LaunchScreen.storyboard; sourceTree = "<group>"; };
		A60D69FE2BD2F0C00073C826 /* Info.plist */ = {isa = PBXFileReference; lastKnownFileType = text.plist.xml; path = Info.plist; sourceTree = "<group>"; };
		A60D6A032BD2F0C10073C826 /* RickAndMortyAppTests.xctest */ = {isa = PBXFileReference; explicitFileType = wrapper.cfbundle; includeInIndex = 0; path = RickAndMortyAppTests.xctest; sourceTree = BUILT_PRODUCTS_DIR; };
		A60D6A072BD2F0C10073C826 /* RickAndMortyAppTests.swift */ = {isa = PBXFileReference; lastKnownFileType = sourcecode.swift; path = RickAndMortyAppTests.swift; sourceTree = "<group>"; };
		A60D6A0D2BD2F0C10073C826 /* RickAndMortyAppUITests.xctest */ = {isa = PBXFileReference; explicitFileType = wrapper.cfbundle; includeInIndex = 0; path = RickAndMortyAppUITests.xctest; sourceTree = BUILT_PRODUCTS_DIR; };
		A60D6A112BD2F0C10073C826 /* RickAndMortyAppUITests.swift */ = {isa = PBXFileReference; lastKnownFileType = sourcecode.swift; path = RickAndMortyAppUITests.swift; sourceTree = "<group>"; };
		A60D6A132BD2F0C10073C826 /* RickAndMortyAppUITestsLaunchTests.swift */ = {isa = PBXFileReference; lastKnownFileType = sourcecode.swift; path = RickAndMortyAppUITestsLaunchTests.swift; sourceTree = "<group>"; };
		EB8FB4A92BD3058300F3037F /* Router.swift */ = {isa = PBXFileReference; fileEncoding = 4; lastKnownFileType = sourcecode.swift; path = Router.swift; sourceTree = "<group>"; };
		EB8FB4AE2BD30C0B00F3037F /* BaseViewController.swift */ = {isa = PBXFileReference; lastKnownFileType = sourcecode.swift; path = BaseViewController.swift; sourceTree = "<group>"; };
/* End PBXFileReference section */

/* Begin PBXFrameworksBuildPhase section */
		A60D69EA2BD2F0C00073C826 /* Frameworks */ = {
			isa = PBXFrameworksBuildPhase;
			buildActionMask = 2147483647;
			files = (
				EB8FB4AD2BD306C800F3037F /* PanModal in Frameworks */,
				A66E709B2BD2F49B0073E88B /* SnapKit in Frameworks */,
				A60D6A232BD2F1300073C826 /* Lottie in Frameworks */,
				A66E70992BD2F49B0073E88B /* RickAndMortyUI in Frameworks */,
			);
			runOnlyForDeploymentPostprocessing = 0;
		};
		A60D6A002BD2F0C10073C826 /* Frameworks */ = {
			isa = PBXFrameworksBuildPhase;
			buildActionMask = 2147483647;
			files = (
			);
			runOnlyForDeploymentPostprocessing = 0;
		};
		A60D6A0A2BD2F0C10073C826 /* Frameworks */ = {
			isa = PBXFrameworksBuildPhase;
			buildActionMask = 2147483647;
			files = (
			);
			runOnlyForDeploymentPostprocessing = 0;
		};
/* End PBXFrameworksBuildPhase section */

/* Begin PBXGroup section */
		A60D69E42BD2F0C00073C826 = {
			isa = PBXGroup;
			children = (
				A60D69EF2BD2F0C00073C826 /* RickAndMortyApp */,
				A60D6A062BD2F0C10073C826 /* RickAndMortyAppTests */,
				A60D6A102BD2F0C10073C826 /* RickAndMortyAppUITests */,
				A60D69EE2BD2F0C00073C826 /* Products */,
				A66E70972BD2F49B0073E88B /* Frameworks */,
			);
			sourceTree = "<group>";
		};
		A60D69EE2BD2F0C00073C826 /* Products */ = {
			isa = PBXGroup;
			children = (
				A60D69ED2BD2F0C00073C826 /* RickAndMortyApp.app */,
				A60D6A032BD2F0C10073C826 /* RickAndMortyAppTests.xctest */,
				A60D6A0D2BD2F0C10073C826 /* RickAndMortyAppUITests.xctest */,
			);
			name = Products;
			sourceTree = "<group>";
		};
		A60D69EF2BD2F0C00073C826 /* RickAndMortyApp */ = {
			isa = PBXGroup;
			children = (
				A60D69F02BD2F0C00073C826 /* AppDelegate.swift */,
				A60D69F22BD2F0C00073C826 /* SceneDelegate.swift */,
				A60D69FE2BD2F0C00073C826 /* Info.plist */,
				A60D6A242BD2F2520073C826 /* RickAndMorty */,
				A66E70952BD2F3680073E88B /* Resource */,
			);
			path = RickAndMortyApp;
			sourceTree = "<group>";
		};
		A60D6A062BD2F0C10073C826 /* RickAndMortyAppTests */ = {
			isa = PBXGroup;
			children = (
				A60D6A072BD2F0C10073C826 /* RickAndMortyAppTests.swift */,
			);
			path = RickAndMortyAppTests;
			sourceTree = "<group>";
		};
		A60D6A102BD2F0C10073C826 /* RickAndMortyAppUITests */ = {
			isa = PBXGroup;
			children = (
				A60D6A112BD2F0C10073C826 /* RickAndMortyAppUITests.swift */,
				A60D6A132BD2F0C10073C826 /* RickAndMortyAppUITestsLaunchTests.swift */,
			);
			path = RickAndMortyAppUITests;
			sourceTree = "<group>";
		};
		A60D6A242BD2F2520073C826 /* RickAndMorty */ = {
			isa = PBXGroup;
			children = (
				EB8FB4A62BD3056400F3037F /* Common */,
				A66E70962BD2F4370073E88B /* Front */,
			);
			path = RickAndMorty;
			sourceTree = "<group>";
		};
		A66E70952BD2F3680073E88B /* Resource */ = {
			isa = PBXGroup;
			children = (
				A60D69F92BD2F0C00073C826 /* Assets.xcassets */,
			);
			path = Resource;
			sourceTree = "<group>";
		};
		A66E70962BD2F4370073E88B /* Front */ = {
			isa = PBXGroup;
			children = (
				A60D69F42BD2F0C00073C826 /* ViewController.swift */,
				A66E709C2BD2FAE70073E88B /* Storyboard */,
			);
			path = Front;
			sourceTree = "<group>";
		};
		A66E70972BD2F49B0073E88B /* Frameworks */ = {
			isa = PBXGroup;
			children = (
			);
			name = Frameworks;
			sourceTree = "<group>";
		};
		A66E709C2BD2FAE70073E88B /* Storyboard */ = {
			isa = PBXGroup;
			children = (
				A60D69FB2BD2F0C00073C826 /* LaunchScreen.storyboard */,
				A60D69F62BD2F0C00073C826 /* Login.storyboard */,
			);
			path = Storyboard;
			sourceTree = "<group>";
		};
		EB8FB4A62BD3056400F3037F /* Common */ = {
			isa = PBXGroup;
			children = (
				EB8FB4A92BD3058300F3037F /* Router.swift */,
				EB8FB4AE2BD30C0B00F3037F /* BaseViewController.swift */,
			);
			path = Common;
			sourceTree = "<group>";
		};
/* End PBXGroup section */

/* Begin PBXNativeTarget section */
		A60D69EC2BD2F0C00073C826 /* RickAndMortyApp */ = {
			isa = PBXNativeTarget;
			buildConfigurationList = A60D6A172BD2F0C10073C826 /* Build configuration list for PBXNativeTarget "RickAndMortyApp" */;
			buildPhases = (
				A60D69E92BD2F0C00073C826 /* Sources */,
				A60D69EA2BD2F0C00073C826 /* Frameworks */,
				A60D69EB2BD2F0C00073C826 /* Resources */,
			);
			buildRules = (
			);
			dependencies = (
			);
			name = RickAndMortyApp;
			packageProductDependencies = (
				A60D6A222BD2F1300073C826 /* Lottie */,
				A66E70982BD2F49B0073E88B /* RickAndMortyUI */,
				A66E709A2BD2F49B0073E88B /* SnapKit */,
				EB8FB4AC2BD306C800F3037F /* PanModal */,
			);
			productName = RickAndMortyApp;
			productReference = A60D69ED2BD2F0C00073C826 /* RickAndMortyApp.app */;
			productType = "com.apple.product-type.application";
		};
		A60D6A022BD2F0C10073C826 /* RickAndMortyAppTests */ = {
			isa = PBXNativeTarget;
			buildConfigurationList = A60D6A1A2BD2F0C10073C826 /* Build configuration list for PBXNativeTarget "RickAndMortyAppTests" */;
			buildPhases = (
				A60D69FF2BD2F0C10073C826 /* Sources */,
				A60D6A002BD2F0C10073C826 /* Frameworks */,
				A60D6A012BD2F0C10073C826 /* Resources */,
			);
			buildRules = (
			);
			dependencies = (
				A60D6A052BD2F0C10073C826 /* PBXTargetDependency */,
			);
			name = RickAndMortyAppTests;
			productName = RickAndMortyAppTests;
			productReference = A60D6A032BD2F0C10073C826 /* RickAndMortyAppTests.xctest */;
			productType = "com.apple.product-type.bundle.unit-test";
		};
		A60D6A0C2BD2F0C10073C826 /* RickAndMortyAppUITests */ = {
			isa = PBXNativeTarget;
			buildConfigurationList = A60D6A1D2BD2F0C10073C826 /* Build configuration list for PBXNativeTarget "RickAndMortyAppUITests" */;
			buildPhases = (
				A60D6A092BD2F0C10073C826 /* Sources */,
				A60D6A0A2BD2F0C10073C826 /* Frameworks */,
				A60D6A0B2BD2F0C10073C826 /* Resources */,
			);
			buildRules = (
			);
			dependencies = (
				A60D6A0F2BD2F0C10073C826 /* PBXTargetDependency */,
			);
			name = RickAndMortyAppUITests;
			productName = RickAndMortyAppUITests;
			productReference = A60D6A0D2BD2F0C10073C826 /* RickAndMortyAppUITests.xctest */;
			productType = "com.apple.product-type.bundle.ui-testing";
		};
/* End PBXNativeTarget section */

/* Begin PBXProject section */
		A60D69E52BD2F0C00073C826 /* Project object */ = {
			isa = PBXProject;
			attributes = {
				BuildIndependentTargetsInParallel = 1;
				LastSwiftUpdateCheck = 1510;
				LastUpgradeCheck = 1510;
				TargetAttributes = {
					A60D69EC2BD2F0C00073C826 = {
						CreatedOnToolsVersion = 15.1;
					};
					A60D6A022BD2F0C10073C826 = {
						CreatedOnToolsVersion = 15.1;
						TestTargetID = A60D69EC2BD2F0C00073C826;
					};
					A60D6A0C2BD2F0C10073C826 = {
						CreatedOnToolsVersion = 15.1;
						TestTargetID = A60D69EC2BD2F0C00073C826;
					};
				};
			};
			buildConfigurationList = A60D69E82BD2F0C00073C826 /* Build configuration list for PBXProject "RickAndMortyApp" */;
			compatibilityVersion = "Xcode 14.0";
			developmentRegion = en;
			hasScannedForEncodings = 0;
			knownRegions = (
				en,
				Base,
			);
			mainGroup = A60D69E42BD2F0C00073C826;
			packageReferences = (
				A60D6A202BD2F11C0073C826 /* XCRemoteSwiftPackageReference "SnapKit" */,
				A60D6A212BD2F1300073C826 /* XCRemoteSwiftPackageReference "lottie-ios" */,
				EB8FB4AB2BD306C800F3037F /* XCRemoteSwiftPackageReference "PanModal" */,
			);
			productRefGroup = A60D69EE2BD2F0C00073C826 /* Products */;
			projectDirPath = "";
			projectRoot = "";
			targets = (
				A60D69EC2BD2F0C00073C826 /* RickAndMortyApp */,
				A60D6A022BD2F0C10073C826 /* RickAndMortyAppTests */,
				A60D6A0C2BD2F0C10073C826 /* RickAndMortyAppUITests */,
			);
		};
/* End PBXProject section */

/* Begin PBXResourcesBuildPhase section */
		A60D69EB2BD2F0C00073C826 /* Resources */ = {
			isa = PBXResourcesBuildPhase;
			buildActionMask = 2147483647;
			files = (
				A60D69FD2BD2F0C00073C826 /* LaunchScreen.storyboard in Resources */,
				A60D69FA2BD2F0C00073C826 /* Assets.xcassets in Resources */,
				A60D69F82BD2F0C00073C826 /* Login.storyboard in Resources */,
			);
			runOnlyForDeploymentPostprocessing = 0;
		};
		A60D6A012BD2F0C10073C826 /* Resources */ = {
			isa = PBXResourcesBuildPhase;
			buildActionMask = 2147483647;
			files = (
			);
			runOnlyForDeploymentPostprocessing = 0;
		};
		A60D6A0B2BD2F0C10073C826 /* Resources */ = {
			isa = PBXResourcesBuildPhase;
			buildActionMask = 2147483647;
			files = (
			);
			runOnlyForDeploymentPostprocessing = 0;
		};
/* End PBXResourcesBuildPhase section */

/* Begin PBXSourcesBuildPhase section */
		A60D69E92BD2F0C00073C826 /* Sources */ = {
			isa = PBXSourcesBuildPhase;
			buildActionMask = 2147483647;
			files = (
				EB8FB4AF2BD30C0B00F3037F /* BaseViewController.swift in Sources */,
				EB8FB4AA2BD3058300F3037F /* Router.swift in Sources */,
				A60D69F52BD2F0C00073C826 /* ViewController.swift in Sources */,
				A60D69F12BD2F0C00073C826 /* AppDelegate.swift in Sources */,
				A60D69F32BD2F0C00073C826 /* SceneDelegate.swift in Sources */,
			);
			runOnlyForDeploymentPostprocessing = 0;
		};
		A60D69FF2BD2F0C10073C826 /* Sources */ = {
			isa = PBXSourcesBuildPhase;
			buildActionMask = 2147483647;
			files = (
				A60D6A082BD2F0C10073C826 /* RickAndMortyAppTests.swift in Sources */,
			);
			runOnlyForDeploymentPostprocessing = 0;
		};
		A60D6A092BD2F0C10073C826 /* Sources */ = {
			isa = PBXSourcesBuildPhase;
			buildActionMask = 2147483647;
			files = (
				A60D6A122BD2F0C10073C826 /* RickAndMortyAppUITests.swift in Sources */,
				A60D6A142BD2F0C10073C826 /* RickAndMortyAppUITestsLaunchTests.swift in Sources */,
			);
			runOnlyForDeploymentPostprocessing = 0;
		};
/* End PBXSourcesBuildPhase section */

/* Begin PBXTargetDependency section */
		A60D6A052BD2F0C10073C826 /* PBXTargetDependency */ = {
			isa = PBXTargetDependency;
			target = A60D69EC2BD2F0C00073C826 /* RickAndMortyApp */;
			targetProxy = A60D6A042BD2F0C10073C826 /* PBXContainerItemProxy */;
		};
		A60D6A0F2BD2F0C10073C826 /* PBXTargetDependency */ = {
			isa = PBXTargetDependency;
			target = A60D69EC2BD2F0C00073C826 /* RickAndMortyApp */;
			targetProxy = A60D6A0E2BD2F0C10073C826 /* PBXContainerItemProxy */;
		};
/* End PBXTargetDependency section */

/* Begin PBXVariantGroup section */
		A60D69F62BD2F0C00073C826 /* Login.storyboard */ = {
			isa = PBXVariantGroup;
			children = (
				A60D69F72BD2F0C00073C826 /* Base */,
			);
			name = Login.storyboard;
			sourceTree = "<group>";
		};
		A60D69FB2BD2F0C00073C826 /* LaunchScreen.storyboard */ = {
			isa = PBXVariantGroup;
			children = (
				A60D69FC2BD2F0C00073C826 /* Base */,
			);
			name = LaunchScreen.storyboard;
			sourceTree = "<group>";
		};
/* End PBXVariantGroup section */

/* Begin XCBuildConfiguration section */
		A60D6A152BD2F0C10073C826 /* Debug */ = {
			isa = XCBuildConfiguration;
			buildSettings = {
				ALWAYS_SEARCH_USER_PATHS = NO;
				ASSETCATALOG_COMPILER_GENERATE_SWIFT_ASSET_SYMBOL_EXTENSIONS = YES;
				CLANG_ANALYZER_NONNULL = YES;
				CLANG_ANALYZER_NUMBER_OBJECT_CONVERSION = YES_AGGRESSIVE;
				CLANG_CXX_LANGUAGE_STANDARD = "gnu++20";
				CLANG_ENABLE_MODULES = YES;
				CLANG_ENABLE_OBJC_ARC = YES;
				CLANG_ENABLE_OBJC_WEAK = YES;
				CLANG_WARN_BLOCK_CAPTURE_AUTORELEASING = YES;
				CLANG_WARN_BOOL_CONVERSION = YES;
				CLANG_WARN_COMMA = YES;
				CLANG_WARN_CONSTANT_CONVERSION = YES;
				CLANG_WARN_DEPRECATED_OBJC_IMPLEMENTATIONS = YES;
				CLANG_WARN_DIRECT_OBJC_ISA_USAGE = YES_ERROR;
				CLANG_WARN_DOCUMENTATION_COMMENTS = YES;
				CLANG_WARN_EMPTY_BODY = YES;
				CLANG_WARN_ENUM_CONVERSION = YES;
				CLANG_WARN_INFINITE_RECURSION = YES;
				CLANG_WARN_INT_CONVERSION = YES;
				CLANG_WARN_NON_LITERAL_NULL_CONVERSION = YES;
				CLANG_WARN_OBJC_IMPLICIT_RETAIN_SELF = YES;
				CLANG_WARN_OBJC_LITERAL_CONVERSION = YES;
				CLANG_WARN_OBJC_ROOT_CLASS = YES_ERROR;
				CLANG_WARN_QUOTED_INCLUDE_IN_FRAMEWORK_HEADER = YES;
				CLANG_WARN_RANGE_LOOP_ANALYSIS = YES;
				CLANG_WARN_STRICT_PROTOTYPES = YES;
				CLANG_WARN_SUSPICIOUS_MOVE = YES;
				CLANG_WARN_UNGUARDED_AVAILABILITY = YES_AGGRESSIVE;
				CLANG_WARN_UNREACHABLE_CODE = YES;
				CLANG_WARN__DUPLICATE_METHOD_MATCH = YES;
				COPY_PHASE_STRIP = NO;
				DEBUG_INFORMATION_FORMAT = dwarf;
				ENABLE_STRICT_OBJC_MSGSEND = YES;
				ENABLE_TESTABILITY = YES;
				ENABLE_USER_SCRIPT_SANDBOXING = YES;
				GCC_C_LANGUAGE_STANDARD = gnu17;
				GCC_DYNAMIC_NO_PIC = NO;
				GCC_NO_COMMON_BLOCKS = YES;
				GCC_OPTIMIZATION_LEVEL = 0;
				GCC_PREPROCESSOR_DEFINITIONS = (
					"DEBUG=1",
					"$(inherited)",
				);
				GCC_WARN_64_TO_32_BIT_CONVERSION = YES;
				GCC_WARN_ABOUT_RETURN_TYPE = YES_ERROR;
				GCC_WARN_UNDECLARED_SELECTOR = YES;
				GCC_WARN_UNINITIALIZED_AUTOS = YES_AGGRESSIVE;
				GCC_WARN_UNUSED_FUNCTION = YES;
				GCC_WARN_UNUSED_VARIABLE = YES;
				IPHONEOS_DEPLOYMENT_TARGET = 17.2;
				LOCALIZATION_PREFERS_STRING_CATALOGS = YES;
				MTL_ENABLE_DEBUG_INFO = INCLUDE_SOURCE;
				MTL_FAST_MATH = YES;
				ONLY_ACTIVE_ARCH = YES;
				SDKROOT = iphoneos;
				SWIFT_ACTIVE_COMPILATION_CONDITIONS = "DEBUG $(inherited)";
				SWIFT_OPTIMIZATION_LEVEL = "-Onone";
			};
			name = Debug;
		};
		A60D6A162BD2F0C10073C826 /* Release */ = {
			isa = XCBuildConfiguration;
			buildSettings = {
				ALWAYS_SEARCH_USER_PATHS = NO;
				ASSETCATALOG_COMPILER_GENERATE_SWIFT_ASSET_SYMBOL_EXTENSIONS = YES;
				CLANG_ANALYZER_NONNULL = YES;
				CLANG_ANALYZER_NUMBER_OBJECT_CONVERSION = YES_AGGRESSIVE;
				CLANG_CXX_LANGUAGE_STANDARD = "gnu++20";
				CLANG_ENABLE_MODULES = YES;
				CLANG_ENABLE_OBJC_ARC = YES;
				CLANG_ENABLE_OBJC_WEAK = YES;
				CLANG_WARN_BLOCK_CAPTURE_AUTORELEASING = YES;
				CLANG_WARN_BOOL_CONVERSION = YES;
				CLANG_WARN_COMMA = YES;
				CLANG_WARN_CONSTANT_CONVERSION = YES;
				CLANG_WARN_DEPRECATED_OBJC_IMPLEMENTATIONS = YES;
				CLANG_WARN_DIRECT_OBJC_ISA_USAGE = YES_ERROR;
				CLANG_WARN_DOCUMENTATION_COMMENTS = YES;
				CLANG_WARN_EMPTY_BODY = YES;
				CLANG_WARN_ENUM_CONVERSION = YES;
				CLANG_WARN_INFINITE_RECURSION = YES;
				CLANG_WARN_INT_CONVERSION = YES;
				CLANG_WARN_NON_LITERAL_NULL_CONVERSION = YES;
				CLANG_WARN_OBJC_IMPLICIT_RETAIN_SELF = YES;
				CLANG_WARN_OBJC_LITERAL_CONVERSION = YES;
				CLANG_WARN_OBJC_ROOT_CLASS = YES_ERROR;
				CLANG_WARN_QUOTED_INCLUDE_IN_FRAMEWORK_HEADER = YES;
				CLANG_WARN_RANGE_LOOP_ANALYSIS = YES;
				CLANG_WARN_STRICT_PROTOTYPES = YES;
				CLANG_WARN_SUSPICIOUS_MOVE = YES;
				CLANG_WARN_UNGUARDED_AVAILABILITY = YES_AGGRESSIVE;
				CLANG_WARN_UNREACHABLE_CODE = YES;
				CLANG_WARN__DUPLICATE_METHOD_MATCH = YES;
				COPY_PHASE_STRIP = NO;
				DEBUG_INFORMATION_FORMAT = "dwarf-with-dsym";
				ENABLE_NS_ASSERTIONS = NO;
				ENABLE_STRICT_OBJC_MSGSEND = YES;
				ENABLE_USER_SCRIPT_SANDBOXING = YES;
				GCC_C_LANGUAGE_STANDARD = gnu17;
				GCC_NO_COMMON_BLOCKS = YES;
				GCC_WARN_64_TO_32_BIT_CONVERSION = YES;
				GCC_WARN_ABOUT_RETURN_TYPE = YES_ERROR;
				GCC_WARN_UNDECLARED_SELECTOR = YES;
				GCC_WARN_UNINITIALIZED_AUTOS = YES_AGGRESSIVE;
				GCC_WARN_UNUSED_FUNCTION = YES;
				GCC_WARN_UNUSED_VARIABLE = YES;
				IPHONEOS_DEPLOYMENT_TARGET = 17.2;
				LOCALIZATION_PREFERS_STRING_CATALOGS = YES;
				MTL_ENABLE_DEBUG_INFO = NO;
				MTL_FAST_MATH = YES;
				SDKROOT = iphoneos;
				SWIFT_COMPILATION_MODE = wholemodule;
				VALIDATE_PRODUCT = YES;
			};
			name = Release;
		};
		A60D6A182BD2F0C10073C826 /* Debug */ = {
			isa = XCBuildConfiguration;
			buildSettings = {
				ASSETCATALOG_COMPILER_APPICON_NAME = AppIcon;
				ASSETCATALOG_COMPILER_GLOBAL_ACCENT_COLOR_NAME = AccentColor;
				CODE_SIGN_STYLE = Automatic;
				CURRENT_PROJECT_VERSION = 1;
				DEVELOPMENT_TEAM = ZJJ275SY3R;
				GENERATE_INFOPLIST_FILE = YES;
				INFOPLIST_FILE = RickAndMortyApp/Info.plist;
				INFOPLIST_KEY_CFBundleDisplayName = "R & M";
				INFOPLIST_KEY_LSApplicationCategoryType = "public.app-category.entertainment";
				INFOPLIST_KEY_UIApplicationSupportsIndirectInputEvents = YES;
				INFOPLIST_KEY_UILaunchStoryboardName = LaunchScreen;
				INFOPLIST_KEY_UIMainStoryboardFile = Login;
				INFOPLIST_KEY_UISupportedInterfaceOrientations_iPad = "UIInterfaceOrientationPortrait UIInterfaceOrientationPortraitUpsideDown UIInterfaceOrientationLandscapeLeft UIInterfaceOrientationLandscapeRight";
				INFOPLIST_KEY_UISupportedInterfaceOrientations_iPhone = "UIInterfaceOrientationPortrait UIInterfaceOrientationLandscapeLeft UIInterfaceOrientationLandscapeRight";
				IPHONEOS_DEPLOYMENT_TARGET = 15.0;
				LD_RUNPATH_SEARCH_PATHS = (
					"$(inherited)",
					"@executable_path/Frameworks",
				);
				MARKETING_VERSION = 1.0;
				PRODUCT_BUNDLE_IDENTIFIER = com.cristianpb.RickAndMortyApp;
				PRODUCT_NAME = "$(TARGET_NAME)";
				SWIFT_EMIT_LOC_STRINGS = YES;
				SWIFT_VERSION = 5.0;
				TARGETED_DEVICE_FAMILY = "1,2";
			};
			name = Debug;
		};
		A60D6A192BD2F0C10073C826 /* Release */ = {
			isa = XCBuildConfiguration;
			buildSettings = {
				ASSETCATALOG_COMPILER_APPICON_NAME = AppIcon;
				ASSETCATALOG_COMPILER_GLOBAL_ACCENT_COLOR_NAME = AccentColor;
				CODE_SIGN_STYLE = Automatic;
				CURRENT_PROJECT_VERSION = 1;
				DEVELOPMENT_TEAM = ZJJ275SY3R;
				GENERATE_INFOPLIST_FILE = YES;
				INFOPLIST_FILE = RickAndMortyApp/Info.plist;
				INFOPLIST_KEY_CFBundleDisplayName = "R & M";
				INFOPLIST_KEY_LSApplicationCategoryType = "public.app-category.entertainment";
				INFOPLIST_KEY_UIApplicationSupportsIndirectInputEvents = YES;
				INFOPLIST_KEY_UILaunchStoryboardName = LaunchScreen;
				INFOPLIST_KEY_UIMainStoryboardFile = Login;
				INFOPLIST_KEY_UISupportedInterfaceOrientations_iPad = "UIInterfaceOrientationPortrait UIInterfaceOrientationPortraitUpsideDown UIInterfaceOrientationLandscapeLeft UIInterfaceOrientationLandscapeRight";
				INFOPLIST_KEY_UISupportedInterfaceOrientations_iPhone = "UIInterfaceOrientationPortrait UIInterfaceOrientationLandscapeLeft UIInterfaceOrientationLandscapeRight";
				IPHONEOS_DEPLOYMENT_TARGET = 15.0;
				LD_RUNPATH_SEARCH_PATHS = (
					"$(inherited)",
					"@executable_path/Frameworks",
				);
				MARKETING_VERSION = 1.0;
				PRODUCT_BUNDLE_IDENTIFIER = com.cristianpb.RickAndMortyApp;
				PRODUCT_NAME = "$(TARGET_NAME)";
				SWIFT_EMIT_LOC_STRINGS = YES;
				SWIFT_VERSION = 5.0;
				TARGETED_DEVICE_FAMILY = "1,2";
			};
			name = Release;
		};
		A60D6A1B2BD2F0C10073C826 /* Debug */ = {
			isa = XCBuildConfiguration;
			buildSettings = {
				ALWAYS_EMBED_SWIFT_STANDARD_LIBRARIES = YES;
				BUNDLE_LOADER = "$(TEST_HOST)";
				CODE_SIGN_STYLE = Automatic;
				CURRENT_PROJECT_VERSION = 1;
				DEVELOPMENT_TEAM = ZJJ275SY3R;
				GENERATE_INFOPLIST_FILE = YES;
				IPHONEOS_DEPLOYMENT_TARGET = 17.2;
				MARKETING_VERSION = 1.0;
				PRODUCT_BUNDLE_IDENTIFIER = com.cristianpb.RickAndMortyAppTests;
				PRODUCT_NAME = "$(TARGET_NAME)";
				SWIFT_EMIT_LOC_STRINGS = NO;
				SWIFT_VERSION = 5.0;
				TARGETED_DEVICE_FAMILY = "1,2";
				TEST_HOST = "$(BUILT_PRODUCTS_DIR)/RickAndMortyApp.app/$(BUNDLE_EXECUTABLE_FOLDER_PATH)/RickAndMortyApp";
			};
			name = Debug;
		};
		A60D6A1C2BD2F0C10073C826 /* Release */ = {
			isa = XCBuildConfiguration;
			buildSettings = {
				ALWAYS_EMBED_SWIFT_STANDARD_LIBRARIES = YES;
				BUNDLE_LOADER = "$(TEST_HOST)";
				CODE_SIGN_STYLE = Automatic;
				CURRENT_PROJECT_VERSION = 1;
				DEVELOPMENT_TEAM = ZJJ275SY3R;
				GENERATE_INFOPLIST_FILE = YES;
				IPHONEOS_DEPLOYMENT_TARGET = 17.2;
				MARKETING_VERSION = 1.0;
				PRODUCT_BUNDLE_IDENTIFIER = com.cristianpb.RickAndMortyAppTests;
				PRODUCT_NAME = "$(TARGET_NAME)";
				SWIFT_EMIT_LOC_STRINGS = NO;
				SWIFT_VERSION = 5.0;
				TARGETED_DEVICE_FAMILY = "1,2";
				TEST_HOST = "$(BUILT_PRODUCTS_DIR)/RickAndMortyApp.app/$(BUNDLE_EXECUTABLE_FOLDER_PATH)/RickAndMortyApp";
			};
			name = Release;
		};
		A60D6A1E2BD2F0C10073C826 /* Debug */ = {
			isa = XCBuildConfiguration;
			buildSettings = {
				ALWAYS_EMBED_SWIFT_STANDARD_LIBRARIES = YES;
				CODE_SIGN_STYLE = Automatic;
				CURRENT_PROJECT_VERSION = 1;
				DEVELOPMENT_TEAM = ZJJ275SY3R;
				GENERATE_INFOPLIST_FILE = YES;
				MARKETING_VERSION = 1.0;
				PRODUCT_BUNDLE_IDENTIFIER = com.cristianpb.RickAndMortyAppUITests;
				PRODUCT_NAME = "$(TARGET_NAME)";
				SWIFT_EMIT_LOC_STRINGS = NO;
				SWIFT_VERSION = 5.0;
				TARGETED_DEVICE_FAMILY = "1,2";
				TEST_TARGET_NAME = RickAndMortyApp;
			};
			name = Debug;
		};
		A60D6A1F2BD2F0C10073C826 /* Release */ = {
			isa = XCBuildConfiguration;
			buildSettings = {
				ALWAYS_EMBED_SWIFT_STANDARD_LIBRARIES = YES;
				CODE_SIGN_STYLE = Automatic;
				CURRENT_PROJECT_VERSION = 1;
				DEVELOPMENT_TEAM = ZJJ275SY3R;
				GENERATE_INFOPLIST_FILE = YES;
				MARKETING_VERSION = 1.0;
				PRODUCT_BUNDLE_IDENTIFIER = com.cristianpb.RickAndMortyAppUITests;
				PRODUCT_NAME = "$(TARGET_NAME)";
				SWIFT_EMIT_LOC_STRINGS = NO;
				SWIFT_VERSION = 5.0;
				TARGETED_DEVICE_FAMILY = "1,2";
				TEST_TARGET_NAME = RickAndMortyApp;
			};
			name = Release;
		};
/* End XCBuildConfiguration section */

/* Begin XCConfigurationList section */
		A60D69E82BD2F0C00073C826 /* Build configuration list for PBXProject "RickAndMortyApp" */ = {
			isa = XCConfigurationList;
			buildConfigurations = (
				A60D6A152BD2F0C10073C826 /* Debug */,
				A60D6A162BD2F0C10073C826 /* Release */,
			);
			defaultConfigurationIsVisible = 0;
			defaultConfigurationName = Release;
		};
		A60D6A172BD2F0C10073C826 /* Build configuration list for PBXNativeTarget "RickAndMortyApp" */ = {
			isa = XCConfigurationList;
			buildConfigurations = (
				A60D6A182BD2F0C10073C826 /* Debug */,
				A60D6A192BD2F0C10073C826 /* Release */,
			);
			defaultConfigurationIsVisible = 0;
			defaultConfigurationName = Release;
		};
		A60D6A1A2BD2F0C10073C826 /* Build configuration list for PBXNativeTarget "RickAndMortyAppTests" */ = {
			isa = XCConfigurationList;
			buildConfigurations = (
				A60D6A1B2BD2F0C10073C826 /* Debug */,
				A60D6A1C2BD2F0C10073C826 /* Release */,
			);
			defaultConfigurationIsVisible = 0;
			defaultConfigurationName = Release;
		};
		A60D6A1D2BD2F0C10073C826 /* Build configuration list for PBXNativeTarget "RickAndMortyAppUITests" */ = {
			isa = XCConfigurationList;
			buildConfigurations = (
				A60D6A1E2BD2F0C10073C826 /* Debug */,
				A60D6A1F2BD2F0C10073C826 /* Release */,
			);
			defaultConfigurationIsVisible = 0;
			defaultConfigurationName = Release;
		};
/* End XCConfigurationList section */

/* Begin XCRemoteSwiftPackageReference section */
		A60D6A202BD2F11C0073C826 /* XCRemoteSwiftPackageReference "SnapKit" */ = {
			isa = XCRemoteSwiftPackageReference;
			repositoryURL = "https://github.com/SnapKit/SnapKit.git";
			requirement = {
				kind = exactVersion;
				version = 5.7.1;
			};
		};
		A60D6A212BD2F1300073C826 /* XCRemoteSwiftPackageReference "lottie-ios" */ = {
			isa = XCRemoteSwiftPackageReference;
			repositoryURL = "https://github.com/airbnb/lottie-ios.git";
			requirement = {
				kind = exactVersion;
				version = 4.4.3;
			};
		};
		EB8FB4AB2BD306C800F3037F /* XCRemoteSwiftPackageReference "PanModal" */ = {
			isa = XCRemoteSwiftPackageReference;
			repositoryURL = "https://github.com/slackhq/PanModal.git";
			requirement = {
				kind = exactVersion;
				version = 1.2.7;
			};
		};
/* End XCRemoteSwiftPackageReference section */

/* Begin XCSwiftPackageProductDependency section */
		A60D6A222BD2F1300073C826 /* Lottie */ = {
			isa = XCSwiftPackageProductDependency;
			package = A60D6A212BD2F1300073C826 /* XCRemoteSwiftPackageReference "lottie-ios" */;
			productName = Lottie;
		};
		A66E70982BD2F49B0073E88B /* RickAndMortyUI */ = {
			isa = XCSwiftPackageProductDependency;
			productName = RickAndMortyUI;
		};
		A66E709A2BD2F49B0073E88B /* SnapKit */ = {
			isa = XCSwiftPackageProductDependency;
			package = A60D6A202BD2F11C0073C826 /* XCRemoteSwiftPackageReference "SnapKit" */;
			productName = SnapKit;
		};
		EB8FB4AC2BD306C800F3037F /* PanModal */ = {
			isa = XCSwiftPackageProductDependency;
			package = EB8FB4AB2BD306C800F3037F /* XCRemoteSwiftPackageReference "PanModal" */;
			productName = PanModal;
		};
/* End XCSwiftPackageProductDependency section */
	};
	rootObject = A60D69E52BD2F0C00073C826 /* Project object */;
}
