// !$*UTF8*$!
{
	archiveVersion = 1;
	classes = {
	};
	objectVersion = 56;
	objects = {

/* Begin PBXBuildFile section */
		0411B0A38E6A3C7D9A83FC3C /* HomeRouterInput.swift in Sources */ = {isa = PBXBuildFile; fileRef = C5105DF42DEB5C9B2571D612 /* HomeRouterInput.swift */; };
		072E17205F2ABD63E8BDFCD1 /* HomeViewInput.swift in Sources */ = {isa = PBXBuildFile; fileRef = 45DF552ED6428FB7552EE2CA /* HomeViewInput.swift */; };
		0FE9D22D9AB5B71DDA522EC3 /* LoginViewController.swift in Sources */ = {isa = PBXBuildFile; fileRef = 60861EF989E94ABB0021BAA9 /* LoginViewController.swift */; };
		1B9091457B48702891512B71 /* LoginPresenterTests.swift in Sources */ = {isa = PBXBuildFile; fileRef = B3603404C065F48B2862FD5B /* LoginPresenterTests.swift */; };
		2095E90A45E7E3AE423726BA /* HomeViewTests.swift in Sources */ = {isa = PBXBuildFile; fileRef = 14C73421A23A1E31BAA0C6E6 /* HomeViewTests.swift */; };
		21F98F4A38D0797446EB5109 /* HomeViewOutput.swift in Sources */ = {isa = PBXBuildFile; fileRef = D8371774ADB815FB83E5D831 /* HomeViewOutput.swift */; };
		2300807D231C32A98ACE0472 /* HomeInteractor.swift in Sources */ = {isa = PBXBuildFile; fileRef = 651C9A4E74F1A1D7A0EA9BBB /* HomeInteractor.swift */; };
		2A362AFBC5B19702FFB4416C /* LoginViewTests.swift in Sources */ = {isa = PBXBuildFile; fileRef = B6BC4B32C349FE4EB85590CC /* LoginViewTests.swift */; };
		36E60B511B522DF4A931AF64 /* LoginConfigurator.swift in Sources */ = {isa = PBXBuildFile; fileRef = 4A74F15EC7D1378DE35D494A /* LoginConfigurator.swift */; };
		3CE0F85D017CA752A1CA513A /* HomeInteractorTests.swift in Sources */ = {isa = PBXBuildFile; fileRef = 1FD6F7DBABDCE9C56AD50687 /* HomeInteractorTests.swift */; };
		3CFD52ED16F0BBD58713FF94 /* LoginModuleInput.swift in Sources */ = {isa = PBXBuildFile; fileRef = 6847F8B07BE45FB9F35812CF /* LoginModuleInput.swift */; };
		422BAE5D085872C9EC2B9EEF /* HomePresenter.swift in Sources */ = {isa = PBXBuildFile; fileRef = 1E7AD56412CFB8161AB9A1BA /* HomePresenter.swift */; };
		4C3AC4A4437BEAB24C55767C /* LoginViewInput.swift in Sources */ = {isa = PBXBuildFile; fileRef = 01AD9157435DECB3B6707605 /* LoginViewInput.swift */; };
		541F7FD10CDD8F38C90CC372 /* HomeInitializer.swift in Sources */ = {isa = PBXBuildFile; fileRef = E3EF0BDC6A35807AB23890A7 /* HomeInitializer.swift */; };
		58B24B342F5ACAE4F11AF689 /* LoginInteractor.swift in Sources */ = {isa = PBXBuildFile; fileRef = 907E09480F08778EE9B73366 /* LoginInteractor.swift */; };
		6009EFF825B38979C2D44322 /* HomePresenterTests.swift in Sources */ = {isa = PBXBuildFile; fileRef = D6F4D8F8965B8349C0141B14 /* HomePresenterTests.swift */; };
		602DA9BE3CCCB732034CBE49 /* HomeConfiguratorTests.swift in Sources */ = {isa = PBXBuildFile; fileRef = FE7EB4E9C64CADE503752FB6 /* HomeConfiguratorTests.swift */; };
		6CCB61A387BD9A7B8D94B38C /* LoginRouter.swift in Sources */ = {isa = PBXBuildFile; fileRef = 95D7476C004A668896EB6EA6 /* LoginRouter.swift */; };
		7881E467D0F30DEC50A40982 /* HomeInteractorInput.swift in Sources */ = {isa = PBXBuildFile; fileRef = 6B30D555AB0B62B430F1C2D1 /* HomeInteractorInput.swift */; };
		7F52789677D36A9B65A9B27C /* LoginInteractorOutput.swift in Sources */ = {isa = PBXBuildFile; fileRef = 41174C4910481EF71C7558BA /* LoginInteractorOutput.swift */; };
		8219CFE21C02D2EB703980BF /* LoginInitializer.swift in Sources */ = {isa = PBXBuildFile; fileRef = 09ACEA385910F5DD44A79363 /* LoginInitializer.swift */; };
		93959AFDA1A93EF5988BBD36 /* HomeRouter.swift in Sources */ = {isa = PBXBuildFile; fileRef = 731926525FBC82C0672951D1 /* HomeRouter.swift */; };
		947F145BBD5A98367DFCBBC6 /* HomeConfigurator.swift in Sources */ = {isa = PBXBuildFile; fileRef = 957E02A89AD43BF18573AF0F /* HomeConfigurator.swift */; };
		9DB993DD57E5BC0850C4958A /* HomeViewController.swift in Sources */ = {isa = PBXBuildFile; fileRef = 6C0F8C1211349EBEA3FCA277 /* HomeViewController.swift */; };
		A60D69F12BD2F0C00073C826 /* AppDelegate.swift in Sources */ = {isa = PBXBuildFile; fileRef = A60D69F02BD2F0C00073C826 /* AppDelegate.swift */; };
		A60D69F32BD2F0C00073C826 /* SceneDelegate.swift in Sources */ = {isa = PBXBuildFile; fileRef = A60D69F22BD2F0C00073C826 /* SceneDelegate.swift */; };
		A60D69F82BD2F0C00073C826 /* Start.storyboard in Resources */ = {isa = PBXBuildFile; fileRef = A60D69F62BD2F0C00073C826 /* Start.storyboard */; };
		A60D69FA2BD2F0C00073C826 /* Assets.xcassets in Resources */ = {isa = PBXBuildFile; fileRef = A60D69F92BD2F0C00073C826 /* Assets.xcassets */; };
		A60D69FD2BD2F0C00073C826 /* LaunchScreen.storyboard in Resources */ = {isa = PBXBuildFile; fileRef = A60D69FB2BD2F0C00073C826 /* LaunchScreen.storyboard */; };
		A60D6A082BD2F0C10073C826 /* RickAndMortyAppTests.swift in Sources */ = {isa = PBXBuildFile; fileRef = A60D6A072BD2F0C10073C826 /* RickAndMortyAppTests.swift */; };
		A60D6A122BD2F0C10073C826 /* RickAndMortyAppUITests.swift in Sources */ = {isa = PBXBuildFile; fileRef = A60D6A112BD2F0C10073C826 /* RickAndMortyAppUITests.swift */; };
		A60D6A142BD2F0C10073C826 /* RickAndMortyAppUITestsLaunchTests.swift in Sources */ = {isa = PBXBuildFile; fileRef = A60D6A132BD2F0C10073C826 /* RickAndMortyAppUITestsLaunchTests.swift */; };
		A60D6A232BD2F1300073C826 /* Lottie in Frameworks */ = {isa = PBXBuildFile; productRef = A60D6A222BD2F1300073C826 /* Lottie */; };
		A630B1BB2BD7847F00F5777C /* ListViewControllers.swift in Sources */ = {isa = PBXBuildFile; fileRef = A630B1BA2BD7847F00F5777C /* ListViewControllers.swift */; };
		A630B1BD2BD7848900F5777C /* Storyboards.swift in Sources */ = {isa = PBXBuildFile; fileRef = A630B1BC2BD7848900F5777C /* Storyboards.swift */; };
		A630B1BF2BD797B700F5777C /* PanModal in Frameworks */ = {isa = PBXBuildFile; productRef = A630B1BE2BD797B700F5777C /* PanModal */; };
		A66E70992BD2F49B0073E88B /* RickAndMortyUI in Frameworks */ = {isa = PBXBuildFile; productRef = A66E70982BD2F49B0073E88B /* RickAndMortyUI */; };
		A66E709B2BD2F49B0073E88B /* SnapKit in Frameworks */ = {isa = PBXBuildFile; productRef = A66E709A2BD2F49B0073E88B /* SnapKit */; };
		A704BEFE154491F0EA21B8C0 /* LoginInteractorInput.swift in Sources */ = {isa = PBXBuildFile; fileRef = 37407F7077CF987E4AEFFCCC /* LoginInteractorInput.swift */; };
		B3D837094FE022DE9F8A7CDC /* HomeRouterTests.swift in Sources */ = {isa = PBXBuildFile; fileRef = D47C56D6ADC950ADDD361874 /* HomeRouterTests.swift */; };
		B8DB60F2BD6F0DEA86B6246C /* HomeInteractorOutput.swift in Sources */ = {isa = PBXBuildFile; fileRef = 919FDE03979E03E8844469DC /* HomeInteractorOutput.swift */; };
		C3ECC949753BF15EE593AEC3 /* LoginViewOutput.swift in Sources */ = {isa = PBXBuildFile; fileRef = 421D225419E14750D8D9987E /* LoginViewOutput.swift */; };
		C513D0965B24128850A76399 /* LoginInteractorTests.swift in Sources */ = {isa = PBXBuildFile; fileRef = AEE223E2B7C3C5800BC167BA /* LoginInteractorTests.swift */; };
		C70B30D3F711D3CF8BFAC0F7 /* HomeModuleInput.swift in Sources */ = {isa = PBXBuildFile; fileRef = F421625A1C789DCF5EB2F301 /* HomeModuleInput.swift */; };
		DA70B8042564400A8E3CB4D9 /* LoginConfiguratorTests.swift in Sources */ = {isa = PBXBuildFile; fileRef = 61B634332974434C1A326ED5 /* LoginConfiguratorTests.swift */; };
		E6DDA2889985FC08218E3275 /* LoginPresenter.swift in Sources */ = {isa = PBXBuildFile; fileRef = 1932D670945CC48CDE760197 /* LoginPresenter.swift */; };
		EB8FB4AA2BD3058300F3037F /* Router.swift in Sources */ = {isa = PBXBuildFile; fileRef = EB8FB4A92BD3058300F3037F /* Router.swift */; };
		EB8FB4AF2BD30C0B00F3037F /* BaseViewController.swift in Sources */ = {isa = PBXBuildFile; fileRef = EB8FB4AE2BD30C0B00F3037F /* BaseViewController.swift */; };
		F4DEEF88F3A7682AF9D37A47 /* LoginRouterInput.swift in Sources */ = {isa = PBXBuildFile; fileRef = 308FE61D52AB1482B43835F3 /* LoginRouterInput.swift */; };
		FA038E93CAD0DDFB78E91AE3 /* LoginRouterTests.swift in Sources */ = {isa = PBXBuildFile; fileRef = E181874448C8D3BDC7AD3E68 /* LoginRouterTests.swift */; };
/* End PBXBuildFile section */

/* Begin PBXContainerItemProxy section */
		A60D6A042BD2F0C10073C826 /* PBXContainerItemProxy */ = {
			isa = PBXContainerItemProxy;
			containerPortal = A60D69E52BD2F0C00073C826 /* Project object */;
			proxyType = 1;
			remoteGlobalIDString = A60D69EC2BD2F0C00073C826;
			remoteInfo = RickAndMortyApp;
		};
		A60D6A0E2BD2F0C10073C826 /* PBXContainerItemProxy */ = {
			isa = PBXContainerItemProxy;
			containerPortal = A60D69E52BD2F0C00073C826 /* Project object */;
			proxyType = 1;
			remoteGlobalIDString = A60D69EC2BD2F0C00073C826;
			remoteInfo = RickAndMortyApp;
		};
/* End PBXContainerItemProxy section */

/* Begin PBXFileReference section */
		01AD9157435DECB3B6707605 /* LoginViewInput.swift */ = {isa = PBXFileReference; includeInIndex = 1; lastKnownFileType = sourcecode.swift; path = LoginViewInput.swift; sourceTree = "<group>"; };
		09ACEA385910F5DD44A79363 /* LoginInitializer.swift */ = {isa = PBXFileReference; includeInIndex = 1; lastKnownFileType = sourcecode.swift; path = LoginInitializer.swift; sourceTree = "<group>"; };
		14C73421A23A1E31BAA0C6E6 /* HomeViewTests.swift */ = {isa = PBXFileReference; includeInIndex = 1; lastKnownFileType = sourcecode.swift; path = HomeViewTests.swift; sourceTree = "<group>"; };
		1932D670945CC48CDE760197 /* LoginPresenter.swift */ = {isa = PBXFileReference; includeInIndex = 1; lastKnownFileType = sourcecode.swift; path = LoginPresenter.swift; sourceTree = "<group>"; };
		1E7AD56412CFB8161AB9A1BA /* HomePresenter.swift */ = {isa = PBXFileReference; includeInIndex = 1; lastKnownFileType = sourcecode.swift; path = HomePresenter.swift; sourceTree = "<group>"; };
		1FD6F7DBABDCE9C56AD50687 /* HomeInteractorTests.swift */ = {isa = PBXFileReference; includeInIndex = 1; lastKnownFileType = sourcecode.swift; path = HomeInteractorTests.swift; sourceTree = "<group>"; };
		308FE61D52AB1482B43835F3 /* LoginRouterInput.swift */ = {isa = PBXFileReference; includeInIndex = 1; lastKnownFileType = sourcecode.swift; path = LoginRouterInput.swift; sourceTree = "<group>"; };
		37407F7077CF987E4AEFFCCC /* LoginInteractorInput.swift */ = {isa = PBXFileReference; includeInIndex = 1; lastKnownFileType = sourcecode.swift; path = LoginInteractorInput.swift; sourceTree = "<group>"; };
		41174C4910481EF71C7558BA /* LoginInteractorOutput.swift */ = {isa = PBXFileReference; includeInIndex = 1; lastKnownFileType = sourcecode.swift; path = LoginInteractorOutput.swift; sourceTree = "<group>"; };
		421D225419E14750D8D9987E /* LoginViewOutput.swift */ = {isa = PBXFileReference; includeInIndex = 1; lastKnownFileType = sourcecode.swift; path = LoginViewOutput.swift; sourceTree = "<group>"; };
		45DF552ED6428FB7552EE2CA /* HomeViewInput.swift */ = {isa = PBXFileReference; includeInIndex = 1; lastKnownFileType = sourcecode.swift; path = HomeViewInput.swift; sourceTree = "<group>"; };
		4A74F15EC7D1378DE35D494A /* LoginConfigurator.swift */ = {isa = PBXFileReference; includeInIndex = 1; lastKnownFileType = sourcecode.swift; path = LoginConfigurator.swift; sourceTree = "<group>"; };
		60861EF989E94ABB0021BAA9 /* LoginViewController.swift */ = {isa = PBXFileReference; includeInIndex = 1; lastKnownFileType = sourcecode.swift; path = LoginViewController.swift; sourceTree = "<group>"; };
		61B634332974434C1A326ED5 /* LoginConfiguratorTests.swift */ = {isa = PBXFileReference; includeInIndex = 1; lastKnownFileType = sourcecode.swift; path = LoginConfiguratorTests.swift; sourceTree = "<group>"; };
		651C9A4E74F1A1D7A0EA9BBB /* HomeInteractor.swift */ = {isa = PBXFileReference; includeInIndex = 1; lastKnownFileType = sourcecode.swift; path = HomeInteractor.swift; sourceTree = "<group>"; };
		6847F8B07BE45FB9F35812CF /* LoginModuleInput.swift */ = {isa = PBXFileReference; includeInIndex = 1; lastKnownFileType = sourcecode.swift; path = LoginModuleInput.swift; sourceTree = "<group>"; };
		6B30D555AB0B62B430F1C2D1 /* HomeInteractorInput.swift */ = {isa = PBXFileReference; includeInIndex = 1; lastKnownFileType = sourcecode.swift; path = HomeInteractorInput.swift; sourceTree = "<group>"; };
		6C0F8C1211349EBEA3FCA277 /* HomeViewController.swift */ = {isa = PBXFileReference; includeInIndex = 1; lastKnownFileType = sourcecode.swift; path = HomeViewController.swift; sourceTree = "<group>"; };
		731926525FBC82C0672951D1 /* HomeRouter.swift */ = {isa = PBXFileReference; includeInIndex = 1; lastKnownFileType = sourcecode.swift; path = HomeRouter.swift; sourceTree = "<group>"; };
		907E09480F08778EE9B73366 /* LoginInteractor.swift */ = {isa = PBXFileReference; includeInIndex = 1; lastKnownFileType = sourcecode.swift; path = LoginInteractor.swift; sourceTree = "<group>"; };
		919FDE03979E03E8844469DC /* HomeInteractorOutput.swift */ = {isa = PBXFileReference; includeInIndex = 1; lastKnownFileType = sourcecode.swift; path = HomeInteractorOutput.swift; sourceTree = "<group>"; };
		957E02A89AD43BF18573AF0F /* HomeConfigurator.swift */ = {isa = PBXFileReference; includeInIndex = 1; lastKnownFileType = sourcecode.swift; path = HomeConfigurator.swift; sourceTree = "<group>"; };
		95D7476C004A668896EB6EA6 /* LoginRouter.swift */ = {isa = PBXFileReference; includeInIndex = 1; lastKnownFileType = sourcecode.swift; path = LoginRouter.swift; sourceTree = "<group>"; };
		A60D69ED2BD2F0C00073C826 /* RickAndMortyApp.app */ = {isa = PBXFileReference; explicitFileType = wrapper.application; includeInIndex = 0; path = RickAndMortyApp.app; sourceTree = BUILT_PRODUCTS_DIR; };
		A60D69F02BD2F0C00073C826 /* AppDelegate.swift */ = {isa = PBXFileReference; lastKnownFileType = sourcecode.swift; path = AppDelegate.swift; sourceTree = "<group>"; };
		A60D69F22BD2F0C00073C826 /* SceneDelegate.swift */ = {isa = PBXFileReference; lastKnownFileType = sourcecode.swift; path = SceneDelegate.swift; sourceTree = "<group>"; };
		A60D69F72BD2F0C00073C826 /* Base */ = {isa = PBXFileReference; lastKnownFileType = file.storyboard; name = Base; path = Base.lproj/Start.storyboard; sourceTree = "<group>"; };
		A60D69F92BD2F0C00073C826 /* Assets.xcassets */ = {isa = PBXFileReference; lastKnownFileType = folder.assetcatalog; path = Assets.xcassets; sourceTree = "<group>"; };
		A60D69FC2BD2F0C00073C826 /* Base */ = {isa = PBXFileReference; lastKnownFileType = file.storyboard; name = Base; path = Base.lproj/LaunchScreen.storyboard; sourceTree = "<group>"; };
		A60D69FE2BD2F0C00073C826 /* Info.plist */ = {isa = PBXFileReference; lastKnownFileType = text.plist.xml; path = Info.plist; sourceTree = "<group>"; };
		A60D6A032BD2F0C10073C826 /* RickAndMortyAppTests.xctest */ = {isa = PBXFileReference; explicitFileType = wrapper.cfbundle; includeInIndex = 0; path = RickAndMortyAppTests.xctest; sourceTree = BUILT_PRODUCTS_DIR; };
		A60D6A072BD2F0C10073C826 /* RickAndMortyAppTests.swift */ = {isa = PBXFileReference; lastKnownFileType = sourcecode.swift; path = RickAndMortyAppTests.swift; sourceTree = "<group>"; };
		A60D6A0D2BD2F0C10073C826 /* RickAndMortyAppUITests.xctest */ = {isa = PBXFileReference; explicitFileType = wrapper.cfbundle; includeInIndex = 0; path = RickAndMortyAppUITests.xctest; sourceTree = BUILT_PRODUCTS_DIR; };
		A60D6A112BD2F0C10073C826 /* RickAndMortyAppUITests.swift */ = {isa = PBXFileReference; lastKnownFileType = sourcecode.swift; path = RickAndMortyAppUITests.swift; sourceTree = "<group>"; };
		A60D6A132BD2F0C10073C826 /* RickAndMortyAppUITestsLaunchTests.swift */ = {isa = PBXFileReference; lastKnownFileType = sourcecode.swift; path = RickAndMortyAppUITestsLaunchTests.swift; sourceTree = "<group>"; };
		A630B1BA2BD7847F00F5777C /* ListViewControllers.swift */ = {isa = PBXFileReference; lastKnownFileType = sourcecode.swift; path = ListViewControllers.swift; sourceTree = "<group>"; };
		A630B1BC2BD7848900F5777C /* Storyboards.swift */ = {isa = PBXFileReference; lastKnownFileType = sourcecode.swift; path = Storyboards.swift; sourceTree = "<group>"; };
		AEE223E2B7C3C5800BC167BA /* LoginInteractorTests.swift */ = {isa = PBXFileReference; includeInIndex = 1; lastKnownFileType = sourcecode.swift; path = LoginInteractorTests.swift; sourceTree = "<group>"; };
		B3603404C065F48B2862FD5B /* LoginPresenterTests.swift */ = {isa = PBXFileReference; includeInIndex = 1; lastKnownFileType = sourcecode.swift; path = LoginPresenterTests.swift; sourceTree = "<group>"; };
		B6BC4B32C349FE4EB85590CC /* LoginViewTests.swift */ = {isa = PBXFileReference; includeInIndex = 1; lastKnownFileType = sourcecode.swift; path = LoginViewTests.swift; sourceTree = "<group>"; };
		C5105DF42DEB5C9B2571D612 /* HomeRouterInput.swift */ = {isa = PBXFileReference; includeInIndex = 1; lastKnownFileType = sourcecode.swift; path = HomeRouterInput.swift; sourceTree = "<group>"; };
		D47C56D6ADC950ADDD361874 /* HomeRouterTests.swift */ = {isa = PBXFileReference; includeInIndex = 1; lastKnownFileType = sourcecode.swift; path = HomeRouterTests.swift; sourceTree = "<group>"; };
		D6F4D8F8965B8349C0141B14 /* HomePresenterTests.swift */ = {isa = PBXFileReference; includeInIndex = 1; lastKnownFileType = sourcecode.swift; path = HomePresenterTests.swift; sourceTree = "<group>"; };
		D8371774ADB815FB83E5D831 /* HomeViewOutput.swift */ = {isa = PBXFileReference; includeInIndex = 1; lastKnownFileType = sourcecode.swift; path = HomeViewOutput.swift; sourceTree = "<group>"; };
		E181874448C8D3BDC7AD3E68 /* LoginRouterTests.swift */ = {isa = PBXFileReference; includeInIndex = 1; lastKnownFileType = sourcecode.swift; path = LoginRouterTests.swift; sourceTree = "<group>"; };
		E3EF0BDC6A35807AB23890A7 /* HomeInitializer.swift */ = {isa = PBXFileReference; includeInIndex = 1; lastKnownFileType = sourcecode.swift; path = HomeInitializer.swift; sourceTree = "<group>"; };
		EB8FB4A92BD3058300F3037F /* Router.swift */ = {isa = PBXFileReference; fileEncoding = 4; lastKnownFileType = sourcecode.swift; path = Router.swift; sourceTree = "<group>"; };
		EB8FB4AE2BD30C0B00F3037F /* BaseViewController.swift */ = {isa = PBXFileReference; lastKnownFileType = sourcecode.swift; path = BaseViewController.swift; sourceTree = "<group>"; };
		F421625A1C789DCF5EB2F301 /* HomeModuleInput.swift */ = {isa = PBXFileReference; includeInIndex = 1; lastKnownFileType = sourcecode.swift; path = HomeModuleInput.swift; sourceTree = "<group>"; };
		FE7EB4E9C64CADE503752FB6 /* HomeConfiguratorTests.swift */ = {isa = PBXFileReference; includeInIndex = 1; lastKnownFileType = sourcecode.swift; path = HomeConfiguratorTests.swift; sourceTree = "<group>"; };
/* End PBXFileReference section */

/* Begin PBXFrameworksBuildPhase section */
		A60D69EA2BD2F0C00073C826 /* Frameworks */ = {
			isa = PBXFrameworksBuildPhase;
			buildActionMask = 2147483647;
			files = (
				A630B1BF2BD797B700F5777C /* PanModal in Frameworks */,
				A66E709B2BD2F49B0073E88B /* SnapKit in Frameworks */,
				A60D6A232BD2F1300073C826 /* Lottie in Frameworks */,
				A66E70992BD2F49B0073E88B /* RickAndMortyUI in Frameworks */,
			);
			runOnlyForDeploymentPostprocessing = 0;
		};
		A60D6A002BD2F0C10073C826 /* Frameworks */ = {
			isa = PBXFrameworksBuildPhase;
			buildActionMask = 2147483647;
			files = (
			);
			runOnlyForDeploymentPostprocessing = 0;
		};
		A60D6A0A2BD2F0C10073C826 /* Frameworks */ = {
			isa = PBXFrameworksBuildPhase;
			buildActionMask = 2147483647;
			files = (
			);
			runOnlyForDeploymentPostprocessing = 0;
		};
/* End PBXFrameworksBuildPhase section */

/* Begin PBXGroup section */
		0B7D192949CE798B2C04100C /* Start */ = {
			isa = PBXGroup;
			children = (
				51F931D341BBB0AF60F85634 /* Login */,
			);
			path = Start;
			sourceTree = "<group>";
		};
		20D9139579866BD1EFC96B40 /* Presenter */ = {
			isa = PBXGroup;
			children = (
				D6F4D8F8965B8349C0141B14 /* HomePresenterTests.swift */,
			);
			name = Presenter;
			path = Presenter;
			sourceTree = "<group>";
		};
		2CBB7B41F3A430622EA1B335 /* Home */ = {
			isa = PBXGroup;
			children = (
				7515AA40D6ECACD07140DD13 /* Home */,
			);
			name = Home;
			path = Home;
			sourceTree = "<group>";
		};
		393399DBC84133BE3BD2F6D0 /* Interactor */ = {
			isa = PBXGroup;
			children = (
				37407F7077CF987E4AEFFCCC /* LoginInteractorInput.swift */,
				41174C4910481EF71C7558BA /* LoginInteractorOutput.swift */,
				907E09480F08778EE9B73366 /* LoginInteractor.swift */,
			);
			path = Interactor;
			sourceTree = "<group>";
		};
		3E18AAB2C83B95D27DF38710 /* Start */ = {
			isa = PBXGroup;
			children = (
				F0B4BEA256A7223CC0187005 /* Login */,
			);
			path = Start;
			sourceTree = "<group>";
		};
		3E2535AE275B6C8118150AF5 /* Router */ = {
			isa = PBXGroup;
			children = (
				C5105DF42DEB5C9B2571D612 /* HomeRouterInput.swift */,
				731926525FBC82C0672951D1 /* HomeRouter.swift */,
			);
			name = Router;
			path = Router;
			sourceTree = "<group>";
		};
		51F931D341BBB0AF60F85634 /* Login */ = {
			isa = PBXGroup;
			children = (
				5319F93FB136357A17E7EF2E /* Configurator */,
				81B99D1555A9B0605B66C28D /* View */,
				6DE3042A4D63469A61184814 /* Interactor */,
				821C09296434BAB8AE841382 /* Presenter */,
				7996D470EAEDCA6A4854A68E /* Router */,
			);
			path = Login;
			sourceTree = "<group>";
		};
		5319F93FB136357A17E7EF2E /* Configurator */ = {
			isa = PBXGroup;
			children = (
				61B634332974434C1A326ED5 /* LoginConfiguratorTests.swift */,
			);
			path = Configurator;
			sourceTree = "<group>";
		};
		53312F018289167D860CA290 /* Configurator */ = {
			isa = PBXGroup;
			children = (
				957E02A89AD43BF18573AF0F /* HomeConfigurator.swift */,
				E3EF0BDC6A35807AB23890A7 /* HomeInitializer.swift */,
			);
			name = Configurator;
			path = Configurator;
			sourceTree = "<group>";
		};
		5709AC6921A633AA6DE412CD /* Front */ = {
			isa = PBXGroup;
			children = (
				75A38D4F06BCFDE0053B94C1 /* Modules */,
			);
			path = Front;
			sourceTree = "<group>";
		};
		5E77D0664963A2BC7CF4CD5A /* Home */ = {
			isa = PBXGroup;
			children = (
				6B864ECB205C221DF4CA7313 /* View */,
				BC3B7D118CC6387C7C1F245B /* Presenter */,
				D96C4505031666608E7492D4 /* Interactor */,
				3E2535AE275B6C8118150AF5 /* Router */,
				53312F018289167D860CA290 /* Configurator */,
			);
			name = Home;
			path = Home;
			sourceTree = "<group>";
		};
		63F9EA8FB6CBA76B22BB6E7B /* View */ = {
			isa = PBXGroup;
			children = (
				14C73421A23A1E31BAA0C6E6 /* HomeViewTests.swift */,
			);
			name = View;
			path = View;
			sourceTree = "<group>";
		};
		6B864ECB205C221DF4CA7313 /* View */ = {
			isa = PBXGroup;
			children = (
				45DF552ED6428FB7552EE2CA /* HomeViewInput.swift */,
				D8371774ADB815FB83E5D831 /* HomeViewOutput.swift */,
				6C0F8C1211349EBEA3FCA277 /* HomeViewController.swift */,
			);
			name = View;
			path = View;
			sourceTree = "<group>";
		};
		6DE3042A4D63469A61184814 /* Interactor */ = {
			isa = PBXGroup;
			children = (
				AEE223E2B7C3C5800BC167BA /* LoginInteractorTests.swift */,
			);
			path = Interactor;
			sourceTree = "<group>";
		};
		7515AA40D6ECACD07140DD13 /* Home */ = {
			isa = PBXGroup;
			children = (
				FD0BD0D88BCB08C9CB464C26 /* Configurator */,
				63F9EA8FB6CBA76B22BB6E7B /* View */,
				F372D2BA6F09448DF7A53AE5 /* Interactor */,
				20D9139579866BD1EFC96B40 /* Presenter */,
				7D8AC77A093F5CE59B05C10D /* Router */,
			);
			name = Home;
			path = Home;
			sourceTree = "<group>";
		};
		75A38D4F06BCFDE0053B94C1 /* Modules */ = {
			isa = PBXGroup;
			children = (
				0B7D192949CE798B2C04100C /* Start */,
				2CBB7B41F3A430622EA1B335 /* Home */,
			);
			path = Modules;
			sourceTree = "<group>";
		};
		7996D470EAEDCA6A4854A68E /* Router */ = {
			isa = PBXGroup;
			children = (
				E181874448C8D3BDC7AD3E68 /* LoginRouterTests.swift */,
			);
			path = Router;
			sourceTree = "<group>";
		};
		7D8AC77A093F5CE59B05C10D /* Router */ = {
			isa = PBXGroup;
			children = (
				D47C56D6ADC950ADDD361874 /* HomeRouterTests.swift */,
			);
			name = Router;
			path = Router;
			sourceTree = "<group>";
		};
		81B99D1555A9B0605B66C28D /* View */ = {
			isa = PBXGroup;
			children = (
				B6BC4B32C349FE4EB85590CC /* LoginViewTests.swift */,
			);
			path = View;
			sourceTree = "<group>";
		};
		821C09296434BAB8AE841382 /* Presenter */ = {
			isa = PBXGroup;
			children = (
				B3603404C065F48B2862FD5B /* LoginPresenterTests.swift */,
			);
			path = Presenter;
			sourceTree = "<group>";
		};
		A60D69E42BD2F0C00073C826 = {
			isa = PBXGroup;
			children = (
				A60D69EF2BD2F0C00073C826 /* RickAndMortyApp */,
				A60D6A062BD2F0C10073C826 /* RickAndMortyAppTests */,
				A60D6A102BD2F0C10073C826 /* RickAndMortyAppUITests */,
				A60D69EE2BD2F0C00073C826 /* Products */,
				A66E70972BD2F49B0073E88B /* Frameworks */,
			);
			sourceTree = "<group>";
		};
		A60D69EE2BD2F0C00073C826 /* Products */ = {
			isa = PBXGroup;
			children = (
				A60D69ED2BD2F0C00073C826 /* RickAndMortyApp.app */,
				A60D6A032BD2F0C10073C826 /* RickAndMortyAppTests.xctest */,
				A60D6A0D2BD2F0C10073C826 /* RickAndMortyAppUITests.xctest */,
			);
			name = Products;
			sourceTree = "<group>";
		};
		A60D69EF2BD2F0C00073C826 /* RickAndMortyApp */ = {
			isa = PBXGroup;
			children = (
				A60D69F02BD2F0C00073C826 /* AppDelegate.swift */,
				A60D69F22BD2F0C00073C826 /* SceneDelegate.swift */,
				A60D69FE2BD2F0C00073C826 /* Info.plist */,
				A60D6A242BD2F2520073C826 /* RickAndMorty */,
				A66E70952BD2F3680073E88B /* Resource */,
			);
			path = RickAndMortyApp;
			sourceTree = "<group>";
		};
		A60D6A062BD2F0C10073C826 /* RickAndMortyAppTests */ = {
			isa = PBXGroup;
			children = (
				A60D6A072BD2F0C10073C826 /* RickAndMortyAppTests.swift */,
				5709AC6921A633AA6DE412CD /* Front */,
			);
			path = RickAndMortyAppTests;
			sourceTree = "<group>";
		};
		A60D6A102BD2F0C10073C826 /* RickAndMortyAppUITests */ = {
			isa = PBXGroup;
			children = (
				A60D6A112BD2F0C10073C826 /* RickAndMortyAppUITests.swift */,
				A60D6A132BD2F0C10073C826 /* RickAndMortyAppUITestsLaunchTests.swift */,
			);
			path = RickAndMortyAppUITests;
			sourceTree = "<group>";
		};
		A60D6A242BD2F2520073C826 /* RickAndMorty */ = {
			isa = PBXGroup;
			children = (
				EB8FB4A62BD3056400F3037F /* Common */,
				A66E70962BD2F4370073E88B /* Front */,
			);
			path = RickAndMorty;
			sourceTree = "<group>";
		};
		A66E70952BD2F3680073E88B /* Resource */ = {
			isa = PBXGroup;
			children = (
				A60D69F92BD2F0C00073C826 /* Assets.xcassets */,
			);
			path = Resource;
			sourceTree = "<group>";
		};
		A66E70962BD2F4370073E88B /* Front */ = {
			isa = PBXGroup;
			children = (
				A66E709C2BD2FAE70073E88B /* Storyboards */,
				EEFBF0E476871B632CD4409C /* Modules */,
			);
			path = Front;
			sourceTree = "<group>";
		};
		A66E70972BD2F49B0073E88B /* Frameworks */ = {
			isa = PBXGroup;
			children = (
			);
			name = Frameworks;
			sourceTree = "<group>";
		};
		A66E709C2BD2FAE70073E88B /* Storyboards */ = {
			isa = PBXGroup;
			children = (
				A60D69FB2BD2F0C00073C826 /* LaunchScreen.storyboard */,
				A60D69F62BD2F0C00073C826 /* Start.storyboard */,
			);
			path = Storyboards;
			sourceTree = "<group>";
		};
		A66E709E2BD737610073E88B /* Entity */ = {
			isa = PBXGroup;
			children = (
			);
			path = Entity;
			sourceTree = "<group>";
		};
		AAE2B4BA35EE84B5C0C1BB86 /* Configurator */ = {
			isa = PBXGroup;
			children = (
				4A74F15EC7D1378DE35D494A /* LoginConfigurator.swift */,
				09ACEA385910F5DD44A79363 /* LoginInitializer.swift */,
			);
			path = Configurator;
			sourceTree = "<group>";
		};
		BC3B7D118CC6387C7C1F245B /* Presenter */ = {
			isa = PBXGroup;
			children = (
				F421625A1C789DCF5EB2F301 /* HomeModuleInput.swift */,
				1E7AD56412CFB8161AB9A1BA /* HomePresenter.swift */,
			);
			name = Presenter;
			path = Presenter;
			sourceTree = "<group>";
		};
		D235ACDB79E194FD4B6BA24C /* Router */ = {
			isa = PBXGroup;
			children = (
				308FE61D52AB1482B43835F3 /* LoginRouterInput.swift */,
				95D7476C004A668896EB6EA6 /* LoginRouter.swift */,
			);
			path = Router;
			sourceTree = "<group>";
		};
		D96C4505031666608E7492D4 /* Interactor */ = {
			isa = PBXGroup;
			children = (
				6B30D555AB0B62B430F1C2D1 /* HomeInteractorInput.swift */,
				919FDE03979E03E8844469DC /* HomeInteractorOutput.swift */,
				651C9A4E74F1A1D7A0EA9BBB /* HomeInteractor.swift */,
			);
			name = Interactor;
			path = Interactor;
			sourceTree = "<group>";
		};
		EB8FB4A62BD3056400F3037F /* Common */ = {
			isa = PBXGroup;
			children = (
				EB8FB4A92BD3058300F3037F /* Router.swift */,
				EB8FB4AE2BD30C0B00F3037F /* BaseViewController.swift */,
				A630B1BA2BD7847F00F5777C /* ListViewControllers.swift */,
				A630B1BC2BD7848900F5777C /* Storyboards.swift */,
			);
			path = Common;
			sourceTree = "<group>";
		};
		EEFBF0E476871B632CD4409C /* Modules */ = {
			isa = PBXGroup;
			children = (
				3E18AAB2C83B95D27DF38710 /* Start */,
				EF5F61F1ED629955986B9085 /* Home */,
			);
			path = Modules;
			sourceTree = "<group>";
		};
		EF38A6FE658A3CEC77D0B7AA /* View */ = {
			isa = PBXGroup;
			children = (
				01AD9157435DECB3B6707605 /* LoginViewInput.swift */,
				421D225419E14750D8D9987E /* LoginViewOutput.swift */,
				60861EF989E94ABB0021BAA9 /* LoginViewController.swift */,
			);
			path = View;
			sourceTree = "<group>";
		};
		EF5F61F1ED629955986B9085 /* Home */ = {
			isa = PBXGroup;
			children = (
				5E77D0664963A2BC7CF4CD5A /* Home */,
			);
			name = Home;
			path = Home;
			sourceTree = "<group>";
		};
		F0B4BEA256A7223CC0187005 /* Login */ = {
			isa = PBXGroup;
			children = (
				A66E709E2BD737610073E88B /* Entity */,
				EF38A6FE658A3CEC77D0B7AA /* View */,
				F36082F49ADDE9FB60FA3F1C /* Presenter */,
				393399DBC84133BE3BD2F6D0 /* Interactor */,
				D235ACDB79E194FD4B6BA24C /* Router */,
				AAE2B4BA35EE84B5C0C1BB86 /* Configurator */,
			);
			path = Login;
			sourceTree = "<group>";
		};
		F36082F49ADDE9FB60FA3F1C /* Presenter */ = {
			isa = PBXGroup;
			children = (
				6847F8B07BE45FB9F35812CF /* LoginModuleInput.swift */,
				1932D670945CC48CDE760197 /* LoginPresenter.swift */,
			);
			path = Presenter;
			sourceTree = "<group>";
		};
		F372D2BA6F09448DF7A53AE5 /* Interactor */ = {
			isa = PBXGroup;
			children = (
				1FD6F7DBABDCE9C56AD50687 /* HomeInteractorTests.swift */,
			);
			name = Interactor;
			path = Interactor;
			sourceTree = "<group>";
		};
		FD0BD0D88BCB08C9CB464C26 /* Configurator */ = {
			isa = PBXGroup;
			children = (
				FE7EB4E9C64CADE503752FB6 /* HomeConfiguratorTests.swift */,
			);
			name = Configurator;
			path = Configurator;
			sourceTree = "<group>";
		};
/* End PBXGroup section */

/* Begin PBXNativeTarget section */
		A60D69EC2BD2F0C00073C826 /* RickAndMortyApp */ = {
			isa = PBXNativeTarget;
			buildConfigurationList = A60D6A172BD2F0C10073C826 /* Build configuration list for PBXNativeTarget "RickAndMortyApp" */;
			buildPhases = (
				A60D69E92BD2F0C00073C826 /* Sources */,
				A60D69EA2BD2F0C00073C826 /* Frameworks */,
				A60D69EB2BD2F0C00073C826 /* Resources */,
			);
			buildRules = (
			);
			dependencies = (
			);
			name = RickAndMortyApp;
			packageProductDependencies = (
				A60D6A222BD2F1300073C826 /* Lottie */,
				A66E70982BD2F49B0073E88B /* RickAndMortyUI */,
				A66E709A2BD2F49B0073E88B /* SnapKit */,
				A630B1BE2BD797B700F5777C /* PanModal */,
			);
			productName = RickAndMortyApp;
			productReference = A60D69ED2BD2F0C00073C826 /* RickAndMortyApp.app */;
			productType = "com.apple.product-type.application";
		};
		A60D6A022BD2F0C10073C826 /* RickAndMortyAppTests */ = {
			isa = PBXNativeTarget;
			buildConfigurationList = A60D6A1A2BD2F0C10073C826 /* Build configuration list for PBXNativeTarget "RickAndMortyAppTests" */;
			buildPhases = (
				A60D69FF2BD2F0C10073C826 /* Sources */,
				A60D6A002BD2F0C10073C826 /* Frameworks */,
				A60D6A012BD2F0C10073C826 /* Resources */,
			);
			buildRules = (
			);
			dependencies = (
				A60D6A052BD2F0C10073C826 /* PBXTargetDependency */,
			);
			name = RickAndMortyAppTests;
			productName = RickAndMortyAppTests;
			productReference = A60D6A032BD2F0C10073C826 /* RickAndMortyAppTests.xctest */;
			productType = "com.apple.product-type.bundle.unit-test";
		};
		A60D6A0C2BD2F0C10073C826 /* RickAndMortyAppUITests */ = {
			isa = PBXNativeTarget;
			buildConfigurationList = A60D6A1D2BD2F0C10073C826 /* Build configuration list for PBXNativeTarget "RickAndMortyAppUITests" */;
			buildPhases = (
				A60D6A092BD2F0C10073C826 /* Sources */,
				A60D6A0A2BD2F0C10073C826 /* Frameworks */,
				A60D6A0B2BD2F0C10073C826 /* Resources */,
			);
			buildRules = (
			);
			dependencies = (
				A60D6A0F2BD2F0C10073C826 /* PBXTargetDependency */,
			);
			name = RickAndMortyAppUITests;
			productName = RickAndMortyAppUITests;
			productReference = A60D6A0D2BD2F0C10073C826 /* RickAndMortyAppUITests.xctest */;
			productType = "com.apple.product-type.bundle.ui-testing";
		};
/* End PBXNativeTarget section */

/* Begin PBXProject section */
		A60D69E52BD2F0C00073C826 /* Project object */ = {
			isa = PBXProject;
			attributes = {
				BuildIndependentTargetsInParallel = 1;
				LastSwiftUpdateCheck = 1510;
				LastUpgradeCheck = 1510;
				TargetAttributes = {
					A60D69EC2BD2F0C00073C826 = {
						CreatedOnToolsVersion = 15.1;
					};
					A60D6A022BD2F0C10073C826 = {
						CreatedOnToolsVersion = 15.1;
						TestTargetID = A60D69EC2BD2F0C00073C826;
					};
					A60D6A0C2BD2F0C10073C826 = {
						CreatedOnToolsVersion = 15.1;
						TestTargetID = A60D69EC2BD2F0C00073C826;
					};
				};
			};
			buildConfigurationList = A60D69E82BD2F0C00073C826 /* Build configuration list for PBXProject "RickAndMortyApp" */;
			compatibilityVersion = "Xcode 14.0";
			developmentRegion = en;
			hasScannedForEncodings = 0;
			knownRegions = (
				en,
				Base,
			);
			mainGroup = A60D69E42BD2F0C00073C826;
			packageReferences = (
				A60D6A202BD2F11C0073C826 /* XCRemoteSwiftPackageReference "SnapKit.git" */,
				A60D6A212BD2F1300073C826 /* XCRemoteSwiftPackageReference "lottie-ios.git" */,
				EB8FB4AB2BD306C800F3037F /* XCRemoteSwiftPackageReference "PanModal.git" */,
			);
			productRefGroup = A60D69EE2BD2F0C00073C826 /* Products */;
			projectDirPath = "";
			projectRoot = "";
			targets = (
				A60D69EC2BD2F0C00073C826 /* RickAndMortyApp */,
				A60D6A022BD2F0C10073C826 /* RickAndMortyAppTests */,
				A60D6A0C2BD2F0C10073C826 /* RickAndMortyAppUITests */,
			);
		};
/* End PBXProject section */

/* Begin PBXResourcesBuildPhase section */
		A60D69EB2BD2F0C00073C826 /* Resources */ = {
			isa = PBXResourcesBuildPhase;
			buildActionMask = 2147483647;
			files = (
				A60D69FD2BD2F0C00073C826 /* LaunchScreen.storyboard in Resources */,
				A60D69FA2BD2F0C00073C826 /* Assets.xcassets in Resources */,
				A60D69F82BD2F0C00073C826 /* Start.storyboard in Resources */,
			);
			runOnlyForDeploymentPostprocessing = 0;
		};
		A60D6A012BD2F0C10073C826 /* Resources */ = {
			isa = PBXResourcesBuildPhase;
			buildActionMask = 2147483647;
			files = (
			);
			runOnlyForDeploymentPostprocessing = 0;
		};
		A60D6A0B2BD2F0C10073C826 /* Resources */ = {
			isa = PBXResourcesBuildPhase;
			buildActionMask = 2147483647;
			files = (
			);
			runOnlyForDeploymentPostprocessing = 0;
		};
/* End PBXResourcesBuildPhase section */

/* Begin PBXSourcesBuildPhase section */
		A60D69E92BD2F0C00073C826 /* Sources */ = {
			isa = PBXSourcesBuildPhase;
			buildActionMask = 2147483647;
			files = (
				EB8FB4AF2BD30C0B00F3037F /* BaseViewController.swift in Sources */,
				EB8FB4AA2BD3058300F3037F /* Router.swift in Sources */,
				A60D69F12BD2F0C00073C826 /* AppDelegate.swift in Sources */,
				A60D69F32BD2F0C00073C826 /* SceneDelegate.swift in Sources */,
				4C3AC4A4437BEAB24C55767C /* LoginViewInput.swift in Sources */,
				C3ECC949753BF15EE593AEC3 /* LoginViewOutput.swift in Sources */,
				0FE9D22D9AB5B71DDA522EC3 /* LoginViewController.swift in Sources */,
				3CFD52ED16F0BBD58713FF94 /* LoginModuleInput.swift in Sources */,
				E6DDA2889985FC08218E3275 /* LoginPresenter.swift in Sources */,
				A704BEFE154491F0EA21B8C0 /* LoginInteractorInput.swift in Sources */,
				7F52789677D36A9B65A9B27C /* LoginInteractorOutput.swift in Sources */,
				58B24B342F5ACAE4F11AF689 /* LoginInteractor.swift in Sources */,
				F4DEEF88F3A7682AF9D37A47 /* LoginRouterInput.swift in Sources */,
				6CCB61A387BD9A7B8D94B38C /* LoginRouter.swift in Sources */,
				A630B1BD2BD7848900F5777C /* Storyboards.swift in Sources */,
				A630B1BB2BD7847F00F5777C /* ListViewControllers.swift in Sources */,
				36E60B511B522DF4A931AF64 /* LoginConfigurator.swift in Sources */,
				8219CFE21C02D2EB703980BF /* LoginInitializer.swift in Sources */,
				072E17205F2ABD63E8BDFCD1 /* HomeViewInput.swift in Sources */,
				21F98F4A38D0797446EB5109 /* HomeViewOutput.swift in Sources */,
				9DB993DD57E5BC0850C4958A /* HomeViewController.swift in Sources */,
				C70B30D3F711D3CF8BFAC0F7 /* HomeModuleInput.swift in Sources */,
				422BAE5D085872C9EC2B9EEF /* HomePresenter.swift in Sources */,
				7881E467D0F30DEC50A40982 /* HomeInteractorInput.swift in Sources */,
				B8DB60F2BD6F0DEA86B6246C /* HomeInteractorOutput.swift in Sources */,
				2300807D231C32A98ACE0472 /* HomeInteractor.swift in Sources */,
				0411B0A38E6A3C7D9A83FC3C /* HomeRouterInput.swift in Sources */,
				93959AFDA1A93EF5988BBD36 /* HomeRouter.swift in Sources */,
				947F145BBD5A98367DFCBBC6 /* HomeConfigurator.swift in Sources */,
				541F7FD10CDD8F38C90CC372 /* HomeInitializer.swift in Sources */,
			);
			runOnlyForDeploymentPostprocessing = 0;
		};
		A60D69FF2BD2F0C10073C826 /* Sources */ = {
			isa = PBXSourcesBuildPhase;
			buildActionMask = 2147483647;
			files = (
				A60D6A082BD2F0C10073C826 /* RickAndMortyAppTests.swift in Sources */,
				DA70B8042564400A8E3CB4D9 /* LoginConfiguratorTests.swift in Sources */,
				2A362AFBC5B19702FFB4416C /* LoginViewTests.swift in Sources */,
				C513D0965B24128850A76399 /* LoginInteractorTests.swift in Sources */,
				1B9091457B48702891512B71 /* LoginPresenterTests.swift in Sources */,
				FA038E93CAD0DDFB78E91AE3 /* LoginRouterTests.swift in Sources */,
				602DA9BE3CCCB732034CBE49 /* HomeConfiguratorTests.swift in Sources */,
				2095E90A45E7E3AE423726BA /* HomeViewTests.swift in Sources */,
				3CE0F85D017CA752A1CA513A /* HomeInteractorTests.swift in Sources */,
				6009EFF825B38979C2D44322 /* HomePresenterTests.swift in Sources */,
				B3D837094FE022DE9F8A7CDC /* HomeRouterTests.swift in Sources */,
			);
			runOnlyForDeploymentPostprocessing = 0;
		};
		A60D6A092BD2F0C10073C826 /* Sources */ = {
			isa = PBXSourcesBuildPhase;
			buildActionMask = 2147483647;
			files = (
				A60D6A122BD2F0C10073C826 /* RickAndMortyAppUITests.swift in Sources */,
				A60D6A142BD2F0C10073C826 /* RickAndMortyAppUITestsLaunchTests.swift in Sources */,
			);
			runOnlyForDeploymentPostprocessing = 0;
		};
/* End PBXSourcesBuildPhase section */

/* Begin PBXTargetDependency section */
		A60D6A052BD2F0C10073C826 /* PBXTargetDependency */ = {
			isa = PBXTargetDependency;
			target = A60D69EC2BD2F0C00073C826 /* RickAndMortyApp */;
			targetProxy = A60D6A042BD2F0C10073C826 /* PBXContainerItemProxy */;
		};
		A60D6A0F2BD2F0C10073C826 /* PBXTargetDependency */ = {
			isa = PBXTargetDependency;
			target = A60D69EC2BD2F0C00073C826 /* RickAndMortyApp */;
			targetProxy = A60D6A0E2BD2F0C10073C826 /* PBXContainerItemProxy */;
		};
/* End PBXTargetDependency section */

/* Begin PBXVariantGroup section */
		A60D69F62BD2F0C00073C826 /* Start.storyboard */ = {
			isa = PBXVariantGroup;
			children = (
				A60D69F72BD2F0C00073C826 /* Base */,
			);
			name = Start.storyboard;
			sourceTree = "<group>";
		};
		A60D69FB2BD2F0C00073C826 /* LaunchScreen.storyboard */ = {
			isa = PBXVariantGroup;
			children = (
				A60D69FC2BD2F0C00073C826 /* Base */,
			);
			name = LaunchScreen.storyboard;
			sourceTree = "<group>";
		};
/* End PBXVariantGroup section */

/* Begin XCBuildConfiguration section */
		A60D6A152BD2F0C10073C826 /* Debug */ = {
			isa = XCBuildConfiguration;
			buildSettings = {
				ALWAYS_SEARCH_USER_PATHS = NO;
				ASSETCATALOG_COMPILER_GENERATE_SWIFT_ASSET_SYMBOL_EXTENSIONS = YES;
				CLANG_ANALYZER_NONNULL = YES;
				CLANG_ANALYZER_NUMBER_OBJECT_CONVERSION = YES_AGGRESSIVE;
				CLANG_CXX_LANGUAGE_STANDARD = "gnu++20";
				CLANG_ENABLE_MODULES = YES;
				CLANG_ENABLE_OBJC_ARC = YES;
				CLANG_ENABLE_OBJC_WEAK = YES;
				CLANG_WARN_BLOCK_CAPTURE_AUTORELEASING = YES;
				CLANG_WARN_BOOL_CONVERSION = YES;
				CLANG_WARN_COMMA = YES;
				CLANG_WARN_CONSTANT_CONVERSION = YES;
				CLANG_WARN_DEPRECATED_OBJC_IMPLEMENTATIONS = YES;
				CLANG_WARN_DIRECT_OBJC_ISA_USAGE = YES_ERROR;
				CLANG_WARN_DOCUMENTATION_COMMENTS = YES;
				CLANG_WARN_EMPTY_BODY = YES;
				CLANG_WARN_ENUM_CONVERSION = YES;
				CLANG_WARN_INFINITE_RECURSION = YES;
				CLANG_WARN_INT_CONVERSION = YES;
				CLANG_WARN_NON_LITERAL_NULL_CONVERSION = YES;
				CLANG_WARN_OBJC_IMPLICIT_RETAIN_SELF = YES;
				CLANG_WARN_OBJC_LITERAL_CONVERSION = YES;
				CLANG_WARN_OBJC_ROOT_CLASS = YES_ERROR;
				CLANG_WARN_QUOTED_INCLUDE_IN_FRAMEWORK_HEADER = YES;
				CLANG_WARN_RANGE_LOOP_ANALYSIS = YES;
				CLANG_WARN_STRICT_PROTOTYPES = YES;
				CLANG_WARN_SUSPICIOUS_MOVE = YES;
				CLANG_WARN_UNGUARDED_AVAILABILITY = YES_AGGRESSIVE;
				CLANG_WARN_UNREACHABLE_CODE = YES;
				CLANG_WARN__DUPLICATE_METHOD_MATCH = YES;
				COPY_PHASE_STRIP = NO;
				DEBUG_INFORMATION_FORMAT = dwarf;
				ENABLE_STRICT_OBJC_MSGSEND = YES;
				ENABLE_TESTABILITY = YES;
				ENABLE_USER_SCRIPT_SANDBOXING = YES;
				GCC_C_LANGUAGE_STANDARD = gnu17;
				GCC_DYNAMIC_NO_PIC = NO;
				GCC_NO_COMMON_BLOCKS = YES;
				GCC_OPTIMIZATION_LEVEL = 0;
				GCC_PREPROCESSOR_DEFINITIONS = (
					"DEBUG=1",
					"$(inherited)",
				);
				GCC_WARN_64_TO_32_BIT_CONVERSION = YES;
				GCC_WARN_ABOUT_RETURN_TYPE = YES_ERROR;
				GCC_WARN_UNDECLARED_SELECTOR = YES;
				GCC_WARN_UNINITIALIZED_AUTOS = YES_AGGRESSIVE;
				GCC_WARN_UNUSED_FUNCTION = YES;
				GCC_WARN_UNUSED_VARIABLE = YES;
				IPHONEOS_DEPLOYMENT_TARGET = 17.2;
				LOCALIZATION_PREFERS_STRING_CATALOGS = YES;
				MTL_ENABLE_DEBUG_INFO = INCLUDE_SOURCE;
				MTL_FAST_MATH = YES;
				ONLY_ACTIVE_ARCH = YES;
				SDKROOT = iphoneos;
				SWIFT_ACTIVE_COMPILATION_CONDITIONS = "DEBUG $(inherited)";
				SWIFT_OPTIMIZATION_LEVEL = "-Onone";
			};
			name = Debug;
		};
		A60D6A162BD2F0C10073C826 /* Release */ = {
			isa = XCBuildConfiguration;
			buildSettings = {
				ALWAYS_SEARCH_USER_PATHS = NO;
				ASSETCATALOG_COMPILER_GENERATE_SWIFT_ASSET_SYMBOL_EXTENSIONS = YES;
				CLANG_ANALYZER_NONNULL = YES;
				CLANG_ANALYZER_NUMBER_OBJECT_CONVERSION = YES_AGGRESSIVE;
				CLANG_CXX_LANGUAGE_STANDARD = "gnu++20";
				CLANG_ENABLE_MODULES = YES;
				CLANG_ENABLE_OBJC_ARC = YES;
				CLANG_ENABLE_OBJC_WEAK = YES;
				CLANG_WARN_BLOCK_CAPTURE_AUTORELEASING = YES;
				CLANG_WARN_BOOL_CONVERSION = YES;
				CLANG_WARN_COMMA = YES;
				CLANG_WARN_CONSTANT_CONVERSION = YES;
				CLANG_WARN_DEPRECATED_OBJC_IMPLEMENTATIONS = YES;
				CLANG_WARN_DIRECT_OBJC_ISA_USAGE = YES_ERROR;
				CLANG_WARN_DOCUMENTATION_COMMENTS = YES;
				CLANG_WARN_EMPTY_BODY = YES;
				CLANG_WARN_ENUM_CONVERSION = YES;
				CLANG_WARN_INFINITE_RECURSION = YES;
				CLANG_WARN_INT_CONVERSION = YES;
				CLANG_WARN_NON_LITERAL_NULL_CONVERSION = YES;
				CLANG_WARN_OBJC_IMPLICIT_RETAIN_SELF = YES;
				CLANG_WARN_OBJC_LITERAL_CONVERSION = YES;
				CLANG_WARN_OBJC_ROOT_CLASS = YES_ERROR;
				CLANG_WARN_QUOTED_INCLUDE_IN_FRAMEWORK_HEADER = YES;
				CLANG_WARN_RANGE_LOOP_ANALYSIS = YES;
				CLANG_WARN_STRICT_PROTOTYPES = YES;
				CLANG_WARN_SUSPICIOUS_MOVE = YES;
				CLANG_WARN_UNGUARDED_AVAILABILITY = YES_AGGRESSIVE;
				CLANG_WARN_UNREACHABLE_CODE = YES;
				CLANG_WARN__DUPLICATE_METHOD_MATCH = YES;
				COPY_PHASE_STRIP = NO;
				DEBUG_INFORMATION_FORMAT = "dwarf-with-dsym";
				ENABLE_NS_ASSERTIONS = NO;
				ENABLE_STRICT_OBJC_MSGSEND = YES;
				ENABLE_USER_SCRIPT_SANDBOXING = YES;
				GCC_C_LANGUAGE_STANDARD = gnu17;
				GCC_NO_COMMON_BLOCKS = YES;
				GCC_WARN_64_TO_32_BIT_CONVERSION = YES;
				GCC_WARN_ABOUT_RETURN_TYPE = YES_ERROR;
				GCC_WARN_UNDECLARED_SELECTOR = YES;
				GCC_WARN_UNINITIALIZED_AUTOS = YES_AGGRESSIVE;
				GCC_WARN_UNUSED_FUNCTION = YES;
				GCC_WARN_UNUSED_VARIABLE = YES;
				IPHONEOS_DEPLOYMENT_TARGET = 17.2;
				LOCALIZATION_PREFERS_STRING_CATALOGS = YES;
				MTL_ENABLE_DEBUG_INFO = NO;
				MTL_FAST_MATH = YES;
				SDKROOT = iphoneos;
				SWIFT_COMPILATION_MODE = wholemodule;
				VALIDATE_PRODUCT = YES;
			};
			name = Release;
		};
		A60D6A182BD2F0C10073C826 /* Debug */ = {
			isa = XCBuildConfiguration;
			buildSettings = {
				ASSETCATALOG_COMPILER_APPICON_NAME = AppIcon;
				ASSETCATALOG_COMPILER_GLOBAL_ACCENT_COLOR_NAME = AccentColor;
				CODE_SIGN_STYLE = Automatic;
				CURRENT_PROJECT_VERSION = 1;
				DEVELOPMENT_TEAM = ZJJ275SY3R;
				GENERATE_INFOPLIST_FILE = YES;
				INFOPLIST_FILE = RickAndMortyApp/Info.plist;
				INFOPLIST_KEY_CFBundleDisplayName = "R & M";
				INFOPLIST_KEY_LSApplicationCategoryType = "public.app-category.entertainment";
				INFOPLIST_KEY_UIApplicationSupportsIndirectInputEvents = YES;
				INFOPLIST_KEY_UILaunchStoryboardName = LaunchScreen;
				INFOPLIST_KEY_UIMainStoryboardFile = Start;
				INFOPLIST_KEY_UISupportedInterfaceOrientations_iPad = "UIInterfaceOrientationPortrait UIInterfaceOrientationPortraitUpsideDown UIInterfaceOrientationLandscapeLeft UIInterfaceOrientationLandscapeRight";
				INFOPLIST_KEY_UISupportedInterfaceOrientations_iPhone = "UIInterfaceOrientationPortrait UIInterfaceOrientationLandscapeLeft UIInterfaceOrientationLandscapeRight";
				IPHONEOS_DEPLOYMENT_TARGET = 15.0;
				LD_RUNPATH_SEARCH_PATHS = (
					"$(inherited)",
					"@executable_path/Frameworks",
				);
				MARKETING_VERSION = 1.0;
				PRODUCT_BUNDLE_IDENTIFIER = com.cristianpb.RickAndMortyApp;
				PRODUCT_NAME = "$(TARGET_NAME)";
				SWIFT_EMIT_LOC_STRINGS = YES;
				SWIFT_VERSION = 5.0;
				TARGETED_DEVICE_FAMILY = "1,2";
			};
			name = Debug;
		};
		A60D6A192BD2F0C10073C826 /* Release */ = {
			isa = XCBuildConfiguration;
			buildSettings = {
				ASSETCATALOG_COMPILER_APPICON_NAME = AppIcon;
				ASSETCATALOG_COMPILER_GLOBAL_ACCENT_COLOR_NAME = AccentColor;
				CODE_SIGN_STYLE = Automatic;
				CURRENT_PROJECT_VERSION = 1;
				DEVELOPMENT_TEAM = ZJJ275SY3R;
				GENERATE_INFOPLIST_FILE = YES;
				INFOPLIST_FILE = RickAndMortyApp/Info.plist;
				INFOPLIST_KEY_CFBundleDisplayName = "R & M";
				INFOPLIST_KEY_LSApplicationCategoryType = "public.app-category.entertainment";
				INFOPLIST_KEY_UIApplicationSupportsIndirectInputEvents = YES;
				INFOPLIST_KEY_UILaunchStoryboardName = LaunchScreen;
				INFOPLIST_KEY_UIMainStoryboardFile = Start;
				INFOPLIST_KEY_UISupportedInterfaceOrientations_iPad = "UIInterfaceOrientationPortrait UIInterfaceOrientationPortraitUpsideDown UIInterfaceOrientationLandscapeLeft UIInterfaceOrientationLandscapeRight";
				INFOPLIST_KEY_UISupportedInterfaceOrientations_iPhone = "UIInterfaceOrientationPortrait UIInterfaceOrientationLandscapeLeft UIInterfaceOrientationLandscapeRight";
				IPHONEOS_DEPLOYMENT_TARGET = 15.0;
				LD_RUNPATH_SEARCH_PATHS = (
					"$(inherited)",
					"@executable_path/Frameworks",
				);
				MARKETING_VERSION = 1.0;
				PRODUCT_BUNDLE_IDENTIFIER = com.cristianpb.RickAndMortyApp;
				PRODUCT_NAME = "$(TARGET_NAME)";
				SWIFT_EMIT_LOC_STRINGS = YES;
				SWIFT_VERSION = 5.0;
				TARGETED_DEVICE_FAMILY = "1,2";
			};
			name = Release;
		};
		A60D6A1B2BD2F0C10073C826 /* Debug */ = {
			isa = XCBuildConfiguration;
			buildSettings = {
				ALWAYS_EMBED_SWIFT_STANDARD_LIBRARIES = YES;
				BUNDLE_LOADER = "$(TEST_HOST)";
				CODE_SIGN_STYLE = Automatic;
				CURRENT_PROJECT_VERSION = 1;
				DEVELOPMENT_TEAM = ZJJ275SY3R;
				GENERATE_INFOPLIST_FILE = YES;
				IPHONEOS_DEPLOYMENT_TARGET = 17.2;
				MARKETING_VERSION = 1.0;
				PRODUCT_BUNDLE_IDENTIFIER = com.cristianpb.RickAndMortyAppTests;
				PRODUCT_NAME = "$(TARGET_NAME)";
				SWIFT_EMIT_LOC_STRINGS = NO;
				SWIFT_VERSION = 5.0;
				TARGETED_DEVICE_FAMILY = "1,2";
				TEST_HOST = "$(BUILT_PRODUCTS_DIR)/RickAndMortyApp.app/$(BUNDLE_EXECUTABLE_FOLDER_PATH)/RickAndMortyApp";
			};
			name = Debug;
		};
		A60D6A1C2BD2F0C10073C826 /* Release */ = {
			isa = XCBuildConfiguration;
			buildSettings = {
				ALWAYS_EMBED_SWIFT_STANDARD_LIBRARIES = YES;
				BUNDLE_LOADER = "$(TEST_HOST)";
				CODE_SIGN_STYLE = Automatic;
				CURRENT_PROJECT_VERSION = 1;
				DEVELOPMENT_TEAM = ZJJ275SY3R;
				GENERATE_INFOPLIST_FILE = YES;
				IPHONEOS_DEPLOYMENT_TARGET = 17.2;
				MARKETING_VERSION = 1.0;
				PRODUCT_BUNDLE_IDENTIFIER = com.cristianpb.RickAndMortyAppTests;
				PRODUCT_NAME = "$(TARGET_NAME)";
				SWIFT_EMIT_LOC_STRINGS = NO;
				SWIFT_VERSION = 5.0;
				TARGETED_DEVICE_FAMILY = "1,2";
				TEST_HOST = "$(BUILT_PRODUCTS_DIR)/RickAndMortyApp.app/$(BUNDLE_EXECUTABLE_FOLDER_PATH)/RickAndMortyApp";
			};
			name = Release;
		};
		A60D6A1E2BD2F0C10073C826 /* Debug */ = {
			isa = XCBuildConfiguration;
			buildSettings = {
				ALWAYS_EMBED_SWIFT_STANDARD_LIBRARIES = YES;
				CODE_SIGN_STYLE = Automatic;
				CURRENT_PROJECT_VERSION = 1;
				DEVELOPMENT_TEAM = ZJJ275SY3R;
				GENERATE_INFOPLIST_FILE = YES;
				MARKETING_VERSION = 1.0;
				PRODUCT_BUNDLE_IDENTIFIER = com.cristianpb.RickAndMortyAppUITests;
				PRODUCT_NAME = "$(TARGET_NAME)";
				SWIFT_EMIT_LOC_STRINGS = NO;
				SWIFT_VERSION = 5.0;
				TARGETED_DEVICE_FAMILY = "1,2";
				TEST_TARGET_NAME = RickAndMortyApp;
			};
			name = Debug;
		};
		A60D6A1F2BD2F0C10073C826 /* Release */ = {
			isa = XCBuildConfiguration;
			buildSettings = {
				ALWAYS_EMBED_SWIFT_STANDARD_LIBRARIES = YES;
				CODE_SIGN_STYLE = Automatic;
				CURRENT_PROJECT_VERSION = 1;
				DEVELOPMENT_TEAM = ZJJ275SY3R;
				GENERATE_INFOPLIST_FILE = YES;
				MARKETING_VERSION = 1.0;
				PRODUCT_BUNDLE_IDENTIFIER = com.cristianpb.RickAndMortyAppUITests;
				PRODUCT_NAME = "$(TARGET_NAME)";
				SWIFT_EMIT_LOC_STRINGS = NO;
				SWIFT_VERSION = 5.0;
				TARGETED_DEVICE_FAMILY = "1,2";
				TEST_TARGET_NAME = RickAndMortyApp;
			};
			name = Release;
		};
/* End XCBuildConfiguration section */

/* Begin XCConfigurationList section */
		A60D69E82BD2F0C00073C826 /* Build configuration list for PBXProject "RickAndMortyApp" */ = {
			isa = XCConfigurationList;
			buildConfigurations = (
				A60D6A152BD2F0C10073C826 /* Debug */,
				A60D6A162BD2F0C10073C826 /* Release */,
			);
			defaultConfigurationIsVisible = 0;
			defaultConfigurationName = Release;
		};
		A60D6A172BD2F0C10073C826 /* Build configuration list for PBXNativeTarget "RickAndMortyApp" */ = {
			isa = XCConfigurationList;
			buildConfigurations = (
				A60D6A182BD2F0C10073C826 /* Debug */,
				A60D6A192BD2F0C10073C826 /* Release */,
			);
			defaultConfigurationIsVisible = 0;
			defaultConfigurationName = Release;
		};
		A60D6A1A2BD2F0C10073C826 /* Build configuration list for PBXNativeTarget "RickAndMortyAppTests" */ = {
			isa = XCConfigurationList;
			buildConfigurations = (
				A60D6A1B2BD2F0C10073C826 /* Debug */,
				A60D6A1C2BD2F0C10073C826 /* Release */,
			);
			defaultConfigurationIsVisible = 0;
			defaultConfigurationName = Release;
		};
		A60D6A1D2BD2F0C10073C826 /* Build configuration list for PBXNativeTarget "RickAndMortyAppUITests" */ = {
			isa = XCConfigurationList;
			buildConfigurations = (
				A60D6A1E2BD2F0C10073C826 /* Debug */,
				A60D6A1F2BD2F0C10073C826 /* Release */,
			);
			defaultConfigurationIsVisible = 0;
			defaultConfigurationName = Release;
		};
/* End XCConfigurationList section */

/* Begin XCRemoteSwiftPackageReference section */
		A60D6A202BD2F11C0073C826 /* XCRemoteSwiftPackageReference "SnapKit.git" */ = {
			isa = XCRemoteSwiftPackageReference;
			repositoryURL = "https://github.com/SnapKit/SnapKit.git";
			requirement = {
				kind = exactVersion;
				version = 5.7.1;
			};
		};
		A60D6A212BD2F1300073C826 /* XCRemoteSwiftPackageReference "lottie-ios.git" */ = {
			isa = XCRemoteSwiftPackageReference;
			repositoryURL = "https://github.com/airbnb/lottie-ios.git";
			requirement = {
				kind = exactVersion;
				version = 4.4.3;
			};
		};
		EB8FB4AB2BD306C800F3037F /* XCRemoteSwiftPackageReference "PanModal.git" */ = {
			isa = XCRemoteSwiftPackageReference;
			repositoryURL = "https://github.com/slackhq/PanModal.git";
			requirement = {
				kind = exactVersion;
				version = 1.2.7;
			};
		};
/* End XCRemoteSwiftPackageReference section */

/* Begin XCSwiftPackageProductDependency section */
		A60D6A222BD2F1300073C826 /* Lottie */ = {
			isa = XCSwiftPackageProductDependency;
			package = A60D6A212BD2F1300073C826 /* XCRemoteSwiftPackageReference "lottie-ios.git" */;
			productName = Lottie;
		};
		A630B1BE2BD797B700F5777C /* PanModal */ = {
			isa = XCSwiftPackageProductDependency;
			package = EB8FB4AB2BD306C800F3037F /* XCRemoteSwiftPackageReference "PanModal.git" */;
			productName = PanModal;
		};
		A66E70982BD2F49B0073E88B /* RickAndMortyUI */ = {
			isa = XCSwiftPackageProductDependency;
			productName = RickAndMortyUI;
		};
		A66E709A2BD2F49B0073E88B /* SnapKit */ = {
			isa = XCSwiftPackageProductDependency;
			package = A60D6A202BD2F11C0073C826 /* XCRemoteSwiftPackageReference "SnapKit.git" */;
			productName = SnapKit;
		};
/* End XCSwiftPackageProductDependency section */
	};
	rootObject = A60D69E52BD2F0C00073C826 /* Project object */;
}
